// !$*UTF8*$!
{
	archiveVersion = 1;
	classes = {
	};
	objectVersion = 46;
	objects = {

/* Begin PBXBuildFile section */
		720164A21A6C023800BC721A /* KinectMusic.1 in CopyFiles */ = {isa = PBXBuildFile; fileRef = 720164A11A6C023800BC721A /* KinectMusic.1 */; };
		720164BA1A6C058B00BC721A /* audio.c in Sources */ = {isa = PBXBuildFile; fileRef = 720164A91A6C058B00BC721A /* audio.c */; };
		720164BB1A6C058B00BC721A /* cameras.c in Sources */ = {isa = PBXBuildFile; fileRef = 720164AA1A6C058B00BC721A /* cameras.c */; };
		720164BC1A6C058B00BC721A /* core.c in Sources */ = {isa = PBXBuildFile; fileRef = 720164AD1A6C058B00BC721A /* core.c */; };
		720164BD1A6C058B00BC721A /* flags.c in Sources */ = {isa = PBXBuildFile; fileRef = 720164AE1A6C058B00BC721A /* flags.c */; };
		720164BE1A6C058B00BC721A /* loader.c in Sources */ = {isa = PBXBuildFile; fileRef = 720164B31A6C058B00BC721A /* loader.c */; };
		720164BF1A6C058B00BC721A /* registration.c in Sources */ = {isa = PBXBuildFile; fileRef = 720164B51A6C058B00BC721A /* registration.c */; };
		720164C01A6C058B00BC721A /* tilt.c in Sources */ = {isa = PBXBuildFile; fileRef = 720164B71A6C058B00BC721A /* tilt.c */; };
		720164C11A6C058B00BC721A /* usb_libusb10.c in Sources */ = {isa = PBXBuildFile; fileRef = 720164B81A6C058B00BC721A /* usb_libusb10.c */; };
		72048F701EDA00BE006381E9 /* share.cpp in Sources */ = {isa = PBXBuildFile; fileRef = 72048F6E1EDA00BE006381E9 /* share.cpp */; };
		72048F8F1EDAD808006381E9 /* logs.cpp in Sources */ = {isa = PBXBuildFile; fileRef = 72048F8D1EDAD808006381E9 /* logs.cpp */; };
		7207E6351EE2F5CC0021824C /* gestureAll.cpp in Sources */ = {isa = PBXBuildFile; fileRef = 7207E6331EE2F5CC0021824C /* gestureAll.cpp */; };
		720A04F31EE5B80400731552 /* config.cpp in Sources */ = {isa = PBXBuildFile; fileRef = 720A04F11EE5B80400731552 /* config.cpp */; };
		720C228E1DE990F90066104B /* hand.cpp in Sources */ = {isa = PBXBuildFile; fileRef = 720C228D1DE990F90066104B /* hand.cpp */; };
		720C22921DF2EED10066104B /* tracking.cpp in Sources */ = {isa = PBXBuildFile; fileRef = 720C22901DF2EED10066104B /* tracking.cpp */; };
		720C22951DF4236A0066104B /* gesture.cpp in Sources */ = {isa = PBXBuildFile; fileRef = 720C22931DF4236A0066104B /* gesture.cpp */; };
		723028981F23BB04003A8770 /* processframedata.cpp in Sources */ = {isa = PBXBuildFile; fileRef = 723028961F23BB04003A8770 /* processframedata.cpp */; };
		7230289E1F247BB0003A8770 /* params.cpp in Sources */ = {isa = PBXBuildFile; fileRef = 7230289C1F247BB0003A8770 /* params.cpp */; };
		725B1B9D1ED18A800028AE34 /* gesturefabrique.cpp in Sources */ = {isa = PBXBuildFile; fileRef = 725B1B9B1ED18A800028AE34 /* gesturefabrique.cpp */; };
		725B1BA01ED768A60028AE34 /* gestureStop.cpp in Sources */ = {isa = PBXBuildFile; fileRef = 725B1B9E1ED768A60028AE34 /* gestureStop.cpp */; };
		725B1BA31ED772170028AE34 /* gestureReturn.cpp in Sources */ = {isa = PBXBuildFile; fileRef = 725B1BA11ED772170028AE34 /* gestureReturn.cpp */; };
		726227401D90737D00644016 /* libopencv_calib3d.2.4.9.dylib in Frameworks */ = {isa = PBXBuildFile; fileRef = 726227321D90737D00644016 /* libopencv_calib3d.2.4.9.dylib */; };
		726227411D90737D00644016 /* libopencv_core.2.4.9.dylib in Frameworks */ = {isa = PBXBuildFile; fileRef = 726227331D90737D00644016 /* libopencv_core.2.4.9.dylib */; };
		726227421D90737D00644016 /* libopencv_features2d.2.4.9.dylib in Frameworks */ = {isa = PBXBuildFile; fileRef = 726227341D90737D00644016 /* libopencv_features2d.2.4.9.dylib */; };
		726227431D90737D00644016 /* libopencv_flann.2.4.9.dylib in Frameworks */ = {isa = PBXBuildFile; fileRef = 726227351D90737D00644016 /* libopencv_flann.2.4.9.dylib */; };
		726227441D90737D00644016 /* libopencv_highgui.2.4.9.dylib in Frameworks */ = {isa = PBXBuildFile; fileRef = 726227361D90737D00644016 /* libopencv_highgui.2.4.9.dylib */; };
		726227451D90737D00644016 /* libopencv_imgproc.2.4.9.dylib in Frameworks */ = {isa = PBXBuildFile; fileRef = 726227371D90737D00644016 /* libopencv_imgproc.2.4.9.dylib */; };
		726227461D90737D00644016 /* libopencv_legacy.2.4.9.dylib in Frameworks */ = {isa = PBXBuildFile; fileRef = 726227381D90737D00644016 /* libopencv_legacy.2.4.9.dylib */; };
		726227471D90737D00644016 /* libopencv_ml.2.4.9.dylib in Frameworks */ = {isa = PBXBuildFile; fileRef = 726227391D90737D00644016 /* libopencv_ml.2.4.9.dylib */; };
		726227481D90737D00644016 /* libopencv_objdetect.2.4.9.dylib in Frameworks */ = {isa = PBXBuildFile; fileRef = 7262273A1D90737D00644016 /* libopencv_objdetect.2.4.9.dylib */; };
		726227491D90737D00644016 /* libopencv_photo.2.4.9.dylib in Frameworks */ = {isa = PBXBuildFile; fileRef = 7262273B1D90737D00644016 /* libopencv_photo.2.4.9.dylib */; };
		7262274A1D90737D00644016 /* libopencv_stitching.2.4.9.dylib in Frameworks */ = {isa = PBXBuildFile; fileRef = 7262273C1D90737D00644016 /* libopencv_stitching.2.4.9.dylib */; };
		7262274B1D90737D00644016 /* libopencv_superres.2.4.9.dylib in Frameworks */ = {isa = PBXBuildFile; fileRef = 7262273D1D90737D00644016 /* libopencv_superres.2.4.9.dylib */; };
		7262274C1D90737D00644016 /* libopencv_video.2.4.9.dylib in Frameworks */ = {isa = PBXBuildFile; fileRef = 7262273E1D90737D00644016 /* libopencv_video.2.4.9.dylib */; };
		7262274D1D90737D00644016 /* libopencv_videostab.2.4.9.dylib in Frameworks */ = {isa = PBXBuildFile; fileRef = 7262273F1D90737D00644016 /* libopencv_videostab.2.4.9.dylib */; };
		7274B8BB1F1CEA5300F1D30D /* convex3d.cpp in Sources */ = {isa = PBXBuildFile; fileRef = 7274B8B91F1CEA5300F1D30D /* convex3d.cpp */; };
		7274B8C41F1F2B3800F1D30D /* cell.cpp in Sources */ = {isa = PBXBuildFile; fileRef = 7274B8C11F1F2B3800F1D30D /* cell.cpp */; };
		72799BA71DC61E5800BAC3DC /* extractframedata.cpp in Sources */ = {isa = PBXBuildFile; fileRef = 72799BA41DC61E5800BAC3DC /* extractframedata.cpp */; };
		72799BB31DC61EAE00BAC3DC /* visualization.cpp in Sources */ = {isa = PBXBuildFile; fileRef = 72799BB11DC61EAE00BAC3DC /* visualization.cpp */; };
		728233331F0D4B2400B6E4D4 /* libpcl_io_ply.1.7.2.dylib in Frameworks */ = {isa = PBXBuildFile; fileRef = 728233271F0D4B2400B6E4D4 /* libpcl_io_ply.1.7.2.dylib */; };
		728233341F0D4B2400B6E4D4 /* libpcl_io.1.7.2.dylib in Frameworks */ = {isa = PBXBuildFile; fileRef = 728233281F0D4B2400B6E4D4 /* libpcl_io.1.7.2.dylib */; };
		728233351F0D4B2400B6E4D4 /* libpcl_kdtree.1.7.2.dylib in Frameworks */ = {isa = PBXBuildFile; fileRef = 728233291F0D4B2400B6E4D4 /* libpcl_kdtree.1.7.2.dylib */; };
		728233361F0D4B2400B6E4D4 /* libpcl_keypoints.1.7.2.dylib in Frameworks */ = {isa = PBXBuildFile; fileRef = 7282332A1F0D4B2400B6E4D4 /* libpcl_keypoints.1.7.2.dylib */; };
		728233371F0D4B2400B6E4D4 /* libpcl_octree.1.7.2.dylib in Frameworks */ = {isa = PBXBuildFile; fileRef = 7282332B1F0D4B2400B6E4D4 /* libpcl_octree.1.7.2.dylib */; };
		728233381F0D4B2400B6E4D4 /* libpcl_recognition.1.7.2.dylib in Frameworks */ = {isa = PBXBuildFile; fileRef = 7282332C1F0D4B2400B6E4D4 /* libpcl_recognition.1.7.2.dylib */; };
		728233391F0D4B2400B6E4D4 /* libpcl_registration.1.7.2.dylib in Frameworks */ = {isa = PBXBuildFile; fileRef = 7282332D1F0D4B2400B6E4D4 /* libpcl_registration.1.7.2.dylib */; };
		7282333A1F0D4B2400B6E4D4 /* libpcl_sample_consensus.1.7.2.dylib in Frameworks */ = {isa = PBXBuildFile; fileRef = 7282332E1F0D4B2400B6E4D4 /* libpcl_sample_consensus.1.7.2.dylib */; };
		7282333B1F0D4B2400B6E4D4 /* libpcl_search.1.7.2.dylib in Frameworks */ = {isa = PBXBuildFile; fileRef = 7282332F1F0D4B2400B6E4D4 /* libpcl_search.1.7.2.dylib */; };
		7282333C1F0D4B2400B6E4D4 /* libpcl_segmentation.1.7.2.dylib in Frameworks */ = {isa = PBXBuildFile; fileRef = 728233301F0D4B2400B6E4D4 /* libpcl_segmentation.1.7.2.dylib */; };
		7282333D1F0D4B2400B6E4D4 /* libpcl_surface.1.7.2.dylib in Frameworks */ = {isa = PBXBuildFile; fileRef = 728233311F0D4B2400B6E4D4 /* libpcl_surface.1.7.2.dylib */; };
		7282333E1F0D4B2400B6E4D4 /* libpcl_tracking.1.7.2.dylib in Frameworks */ = {isa = PBXBuildFile; fileRef = 728233321F0D4B2400B6E4D4 /* libpcl_tracking.1.7.2.dylib */; };
		728233421F0D4FFD00B6E4D4 /* pclplane.cpp in Sources */ = {isa = PBXBuildFile; fileRef = 728233401F0D4FFD00B6E4D4 /* pclplane.cpp */; };
		7282337C1F0D534500B6E4D4 /* libboost_atomic-mt.dylib in Frameworks */ = {isa = PBXBuildFile; fileRef = 728233431F0D534400B6E4D4 /* libboost_atomic-mt.dylib */; };
		7282337D1F0D534500B6E4D4 /* libboost_chrono-mt.dylib in Frameworks */ = {isa = PBXBuildFile; fileRef = 728233441F0D534400B6E4D4 /* libboost_chrono-mt.dylib */; };
		7282337E1F0D534500B6E4D4 /* libboost_chrono.dylib in Frameworks */ = {isa = PBXBuildFile; fileRef = 728233451F0D534400B6E4D4 /* libboost_chrono.dylib */; };
		7282337F1F0D534500B6E4D4 /* libboost_container-mt.dylib in Frameworks */ = {isa = PBXBuildFile; fileRef = 728233461F0D534400B6E4D4 /* libboost_container-mt.dylib */; };
		728233801F0D534500B6E4D4 /* libboost_container.dylib in Frameworks */ = {isa = PBXBuildFile; fileRef = 728233471F0D534400B6E4D4 /* libboost_container.dylib */; };
		728233811F0D534500B6E4D4 /* libboost_context-mt.dylib in Frameworks */ = {isa = PBXBuildFile; fileRef = 728233481F0D534400B6E4D4 /* libboost_context-mt.dylib */; };
		728233821F0D534500B6E4D4 /* libboost_coroutine-mt.dylib in Frameworks */ = {isa = PBXBuildFile; fileRef = 728233491F0D534400B6E4D4 /* libboost_coroutine-mt.dylib */; };
		728233831F0D534500B6E4D4 /* libboost_coroutine.dylib in Frameworks */ = {isa = PBXBuildFile; fileRef = 7282334A1F0D534400B6E4D4 /* libboost_coroutine.dylib */; };
		728233841F0D534500B6E4D4 /* libboost_date_time-mt.dylib in Frameworks */ = {isa = PBXBuildFile; fileRef = 7282334B1F0D534400B6E4D4 /* libboost_date_time-mt.dylib */; };
		728233851F0D534500B6E4D4 /* libboost_date_time.dylib in Frameworks */ = {isa = PBXBuildFile; fileRef = 7282334C1F0D534400B6E4D4 /* libboost_date_time.dylib */; };
		728233861F0D534500B6E4D4 /* libboost_filesystem-mt.dylib in Frameworks */ = {isa = PBXBuildFile; fileRef = 7282334D1F0D534400B6E4D4 /* libboost_filesystem-mt.dylib */; };
		728233871F0D534500B6E4D4 /* libboost_filesystem.dylib in Frameworks */ = {isa = PBXBuildFile; fileRef = 7282334E1F0D534400B6E4D4 /* libboost_filesystem.dylib */; };
		728233881F0D534500B6E4D4 /* libboost_graph-mt.dylib in Frameworks */ = {isa = PBXBuildFile; fileRef = 7282334F1F0D534400B6E4D4 /* libboost_graph-mt.dylib */; };
		728233891F0D534500B6E4D4 /* libboost_graph.dylib in Frameworks */ = {isa = PBXBuildFile; fileRef = 728233501F0D534400B6E4D4 /* libboost_graph.dylib */; };
		7282338A1F0D534500B6E4D4 /* libboost_iostreams-mt.dylib in Frameworks */ = {isa = PBXBuildFile; fileRef = 728233511F0D534400B6E4D4 /* libboost_iostreams-mt.dylib */; };
		7282338B1F0D534500B6E4D4 /* libboost_iostreams.dylib in Frameworks */ = {isa = PBXBuildFile; fileRef = 728233521F0D534400B6E4D4 /* libboost_iostreams.dylib */; };
		7282338C1F0D534500B6E4D4 /* libboost_locale-mt.dylib in Frameworks */ = {isa = PBXBuildFile; fileRef = 728233531F0D534400B6E4D4 /* libboost_locale-mt.dylib */; };
		7282338D1F0D534500B6E4D4 /* libboost_log_setup-mt.dylib in Frameworks */ = {isa = PBXBuildFile; fileRef = 728233541F0D534400B6E4D4 /* libboost_log_setup-mt.dylib */; };
		7282338E1F0D534500B6E4D4 /* libboost_log_setup.dylib in Frameworks */ = {isa = PBXBuildFile; fileRef = 728233551F0D534400B6E4D4 /* libboost_log_setup.dylib */; };
		7282338F1F0D534500B6E4D4 /* libboost_log-mt.dylib in Frameworks */ = {isa = PBXBuildFile; fileRef = 728233561F0D534400B6E4D4 /* libboost_log-mt.dylib */; };
		728233901F0D534500B6E4D4 /* libboost_log.dylib in Frameworks */ = {isa = PBXBuildFile; fileRef = 728233571F0D534400B6E4D4 /* libboost_log.dylib */; };
		728233911F0D534500B6E4D4 /* libboost_math_c99-mt.dylib in Frameworks */ = {isa = PBXBuildFile; fileRef = 728233581F0D534400B6E4D4 /* libboost_math_c99-mt.dylib */; };
		728233921F0D534500B6E4D4 /* libboost_math_c99.dylib in Frameworks */ = {isa = PBXBuildFile; fileRef = 728233591F0D534400B6E4D4 /* libboost_math_c99.dylib */; };
		728233931F0D534500B6E4D4 /* libboost_math_c99f-mt.dylib in Frameworks */ = {isa = PBXBuildFile; fileRef = 7282335A1F0D534400B6E4D4 /* libboost_math_c99f-mt.dylib */; };
		728233941F0D534500B6E4D4 /* libboost_math_c99f.dylib in Frameworks */ = {isa = PBXBuildFile; fileRef = 7282335B1F0D534400B6E4D4 /* libboost_math_c99f.dylib */; };
		728233951F0D534500B6E4D4 /* libboost_math_c99l-mt.dylib in Frameworks */ = {isa = PBXBuildFile; fileRef = 7282335C1F0D534400B6E4D4 /* libboost_math_c99l-mt.dylib */; };
		728233961F0D534500B6E4D4 /* libboost_math_c99l.dylib in Frameworks */ = {isa = PBXBuildFile; fileRef = 7282335D1F0D534400B6E4D4 /* libboost_math_c99l.dylib */; };
		728233971F0D534500B6E4D4 /* libboost_math_tr1-mt.dylib in Frameworks */ = {isa = PBXBuildFile; fileRef = 7282335E1F0D534400B6E4D4 /* libboost_math_tr1-mt.dylib */; };
		728233981F0D534500B6E4D4 /* libboost_math_tr1.dylib in Frameworks */ = {isa = PBXBuildFile; fileRef = 7282335F1F0D534400B6E4D4 /* libboost_math_tr1.dylib */; };
		728233991F0D534500B6E4D4 /* libboost_math_tr1f-mt.dylib in Frameworks */ = {isa = PBXBuildFile; fileRef = 728233601F0D534400B6E4D4 /* libboost_math_tr1f-mt.dylib */; };
		7282339A1F0D534500B6E4D4 /* libboost_math_tr1f.dylib in Frameworks */ = {isa = PBXBuildFile; fileRef = 728233611F0D534400B6E4D4 /* libboost_math_tr1f.dylib */; };
		7282339B1F0D534500B6E4D4 /* libboost_math_tr1l-mt.dylib in Frameworks */ = {isa = PBXBuildFile; fileRef = 728233621F0D534400B6E4D4 /* libboost_math_tr1l-mt.dylib */; };
		7282339C1F0D534500B6E4D4 /* libboost_math_tr1l.dylib in Frameworks */ = {isa = PBXBuildFile; fileRef = 728233631F0D534400B6E4D4 /* libboost_math_tr1l.dylib */; };
		7282339D1F0D534500B6E4D4 /* libboost_prg_exec_monitor-mt.dylib in Frameworks */ = {isa = PBXBuildFile; fileRef = 728233641F0D534400B6E4D4 /* libboost_prg_exec_monitor-mt.dylib */; };
		7282339E1F0D534500B6E4D4 /* libboost_prg_exec_monitor.dylib in Frameworks */ = {isa = PBXBuildFile; fileRef = 728233651F0D534400B6E4D4 /* libboost_prg_exec_monitor.dylib */; };
		7282339F1F0D534500B6E4D4 /* libboost_program_options-mt.dylib in Frameworks */ = {isa = PBXBuildFile; fileRef = 728233661F0D534400B6E4D4 /* libboost_program_options-mt.dylib */; };
		728233A01F0D534500B6E4D4 /* libboost_program_options.dylib in Frameworks */ = {isa = PBXBuildFile; fileRef = 728233671F0D534400B6E4D4 /* libboost_program_options.dylib */; };
		728233A11F0D534500B6E4D4 /* libboost_random-mt.dylib in Frameworks */ = {isa = PBXBuildFile; fileRef = 728233681F0D534400B6E4D4 /* libboost_random-mt.dylib */; };
		728233A21F0D534500B6E4D4 /* libboost_random.dylib in Frameworks */ = {isa = PBXBuildFile; fileRef = 728233691F0D534400B6E4D4 /* libboost_random.dylib */; };
		728233A31F0D534500B6E4D4 /* libboost_regex-mt.dylib in Frameworks */ = {isa = PBXBuildFile; fileRef = 7282336A1F0D534400B6E4D4 /* libboost_regex-mt.dylib */; };
		728233A41F0D534500B6E4D4 /* libboost_regex.dylib in Frameworks */ = {isa = PBXBuildFile; fileRef = 7282336B1F0D534400B6E4D4 /* libboost_regex.dylib */; };
		728233A51F0D534500B6E4D4 /* libboost_serialization-mt.dylib in Frameworks */ = {isa = PBXBuildFile; fileRef = 7282336C1F0D534400B6E4D4 /* libboost_serialization-mt.dylib */; };
		728233A61F0D534500B6E4D4 /* libboost_serialization.dylib in Frameworks */ = {isa = PBXBuildFile; fileRef = 7282336D1F0D534400B6E4D4 /* libboost_serialization.dylib */; };
		728233A71F0D534500B6E4D4 /* libboost_signals-mt.dylib in Frameworks */ = {isa = PBXBuildFile; fileRef = 7282336E1F0D534400B6E4D4 /* libboost_signals-mt.dylib */; };
		728233A81F0D534500B6E4D4 /* libboost_signals.dylib in Frameworks */ = {isa = PBXBuildFile; fileRef = 7282336F1F0D534400B6E4D4 /* libboost_signals.dylib */; };
		728233A91F0D534500B6E4D4 /* libboost_system-mt.dylib in Frameworks */ = {isa = PBXBuildFile; fileRef = 728233701F0D534400B6E4D4 /* libboost_system-mt.dylib */; };
		728233AA1F0D534500B6E4D4 /* libboost_system.dylib in Frameworks */ = {isa = PBXBuildFile; fileRef = 728233711F0D534400B6E4D4 /* libboost_system.dylib */; };
		728233AB1F0D534500B6E4D4 /* libboost_thread-mt.dylib in Frameworks */ = {isa = PBXBuildFile; fileRef = 728233721F0D534400B6E4D4 /* libboost_thread-mt.dylib */; };
		728233AC1F0D534500B6E4D4 /* libboost_timer-mt.dylib in Frameworks */ = {isa = PBXBuildFile; fileRef = 728233731F0D534400B6E4D4 /* libboost_timer-mt.dylib */; };
		728233AD1F0D534500B6E4D4 /* libboost_timer.dylib in Frameworks */ = {isa = PBXBuildFile; fileRef = 728233741F0D534400B6E4D4 /* libboost_timer.dylib */; };
		728233AE1F0D534500B6E4D4 /* libboost_type_erasure-mt.dylib in Frameworks */ = {isa = PBXBuildFile; fileRef = 728233751F0D534400B6E4D4 /* libboost_type_erasure-mt.dylib */; };
		728233AF1F0D534500B6E4D4 /* libboost_type_erasure.dylib in Frameworks */ = {isa = PBXBuildFile; fileRef = 728233761F0D534400B6E4D4 /* libboost_type_erasure.dylib */; };
		728233B01F0D534500B6E4D4 /* libboost_unit_test_framework-mt.dylib in Frameworks */ = {isa = PBXBuildFile; fileRef = 728233771F0D534500B6E4D4 /* libboost_unit_test_framework-mt.dylib */; };
		728233B11F0D534500B6E4D4 /* libboost_unit_test_framework.dylib in Frameworks */ = {isa = PBXBuildFile; fileRef = 728233781F0D534500B6E4D4 /* libboost_unit_test_framework.dylib */; };
		728233B21F0D534500B6E4D4 /* libboost_wave-mt.dylib in Frameworks */ = {isa = PBXBuildFile; fileRef = 728233791F0D534500B6E4D4 /* libboost_wave-mt.dylib */; };
		728233B31F0D534500B6E4D4 /* libboost_wserialization-mt.dylib in Frameworks */ = {isa = PBXBuildFile; fileRef = 7282337A1F0D534500B6E4D4 /* libboost_wserialization-mt.dylib */; };
		728233B41F0D534500B6E4D4 /* libboost_wserialization.dylib in Frameworks */ = {isa = PBXBuildFile; fileRef = 7282337B1F0D534500B6E4D4 /* libboost_wserialization.dylib */; };
		728233B81F0D568000B6E4D4 /* libpcl_common.1.7.2.dylib in Frameworks */ = {isa = PBXBuildFile; fileRef = 728233B51F0D568000B6E4D4 /* libpcl_common.1.7.2.dylib */; };
		728233B91F0D568000B6E4D4 /* libpcl_features.1.7.2.dylib in Frameworks */ = {isa = PBXBuildFile; fileRef = 728233B61F0D568000B6E4D4 /* libpcl_features.1.7.2.dylib */; };
		728233BA1F0D568000B6E4D4 /* libpcl_filters.1.7.2.dylib in Frameworks */ = {isa = PBXBuildFile; fileRef = 728233B71F0D568000B6E4D4 /* libpcl_filters.1.7.2.dylib */; };
		728233BD1F11390400B6E4D4 /* pcldownsample.cpp in Sources */ = {isa = PBXBuildFile; fileRef = 728233BB1F11390400B6E4D4 /* pcldownsample.cpp */; };
		728233C01F114CC200B6E4D4 /* pclutility.cpp in Sources */ = {isa = PBXBuildFile; fileRef = 728233BE1F114CC200B6E4D4 /* pclutility.cpp */; };
		728233C31F11525700B6E4D4 /* pclsegmentation.cpp in Sources */ = {isa = PBXBuildFile; fileRef = 728233C11F11525700B6E4D4 /* pclsegmentation.cpp */; };
		728233C61F1153B100B6E4D4 /* pclnormals.cpp in Sources */ = {isa = PBXBuildFile; fileRef = 728233C41F1153B100B6E4D4 /* pclnormals.cpp */; };
		7298B7271D8D85840093134C /* main.cpp in Sources */ = {isa = PBXBuildFile; fileRef = 7298B7261D8D85840093134C /* main.cpp */; };
		72AFE5E41E7B583000143CA7 /* libusb-1.0.a in Frameworks */ = {isa = PBXBuildFile; fileRef = 72AFE5E31E7B583000143CA7 /* libusb-1.0.a */; };
		72B332AF1BAF0733003DA9DA /* kinect.cpp in Sources */ = {isa = PBXBuildFile; fileRef = 72B332AD1BAF0733003DA9DA /* kinect.cpp */; };
/* End PBXBuildFile section */

/* Begin PBXCopyFilesBuildPhase section */
		7201649A1A6C023800BC721A /* CopyFiles */ = {
			isa = PBXCopyFilesBuildPhase;
			buildActionMask = 2147483647;
			dstPath = /usr/share/man/man1/;
			dstSubfolderSpec = 0;
			files = (
				720164A21A6C023800BC721A /* KinectMusic.1 in CopyFiles */,
			);
			runOnlyForDeploymentPostprocessing = 1;
		};
/* End PBXCopyFilesBuildPhase section */

/* Begin PBXFileReference section */
		7201649C1A6C023800BC721A /* KinectMusic */ = {isa = PBXFileReference; explicitFileType = "compiled.mach-o.executable"; includeInIndex = 0; path = KinectMusic; sourceTree = BUILT_PRODUCTS_DIR; };
		720164A11A6C023800BC721A /* KinectMusic.1 */ = {isa = PBXFileReference; lastKnownFileType = text.man; path = KinectMusic.1; sourceTree = "<group>"; };
		720164A91A6C058B00BC721A /* audio.c */ = {isa = PBXFileReference; fileEncoding = 4; lastKnownFileType = sourcecode.c.c; path = audio.c; sourceTree = "<group>"; };
		720164AA1A6C058B00BC721A /* cameras.c */ = {isa = PBXFileReference; fileEncoding = 4; lastKnownFileType = sourcecode.c.c; path = cameras.c; sourceTree = "<group>"; };
		720164AB1A6C058B00BC721A /* cameras.h */ = {isa = PBXFileReference; fileEncoding = 4; lastKnownFileType = sourcecode.c.h; path = cameras.h; sourceTree = "<group>"; };
		720164AD1A6C058B00BC721A /* core.c */ = {isa = PBXFileReference; fileEncoding = 4; lastKnownFileType = sourcecode.c.c; path = core.c; sourceTree = "<group>"; };
		720164AE1A6C058B00BC721A /* flags.c */ = {isa = PBXFileReference; fileEncoding = 4; lastKnownFileType = sourcecode.c.c; path = flags.c; sourceTree = "<group>"; };
		720164AF1A6C058B00BC721A /* flags.h */ = {isa = PBXFileReference; fileEncoding = 4; lastKnownFileType = sourcecode.c.h; path = flags.h; sourceTree = "<group>"; };
		720164B01A6C058B00BC721A /* freenect_internal.h */ = {isa = PBXFileReference; fileEncoding = 4; lastKnownFileType = sourcecode.c.h; path = freenect_internal.h; sourceTree = "<group>"; };
		720164B31A6C058B00BC721A /* loader.c */ = {isa = PBXFileReference; fileEncoding = 4; lastKnownFileType = sourcecode.c.c; path = loader.c; sourceTree = "<group>"; };
		720164B41A6C058B00BC721A /* loader.h */ = {isa = PBXFileReference; fileEncoding = 4; lastKnownFileType = sourcecode.c.h; path = loader.h; sourceTree = "<group>"; };
		720164B51A6C058B00BC721A /* registration.c */ = {isa = PBXFileReference; fileEncoding = 4; lastKnownFileType = sourcecode.c.c; path = registration.c; sourceTree = "<group>"; };
		720164B61A6C058B00BC721A /* registration.h */ = {isa = PBXFileReference; fileEncoding = 4; lastKnownFileType = sourcecode.c.h; path = registration.h; sourceTree = "<group>"; };
		720164B71A6C058B00BC721A /* tilt.c */ = {isa = PBXFileReference; fileEncoding = 4; lastKnownFileType = sourcecode.c.c; path = tilt.c; sourceTree = "<group>"; };
		720164B81A6C058B00BC721A /* usb_libusb10.c */ = {isa = PBXFileReference; fileEncoding = 4; lastKnownFileType = sourcecode.c.c; path = usb_libusb10.c; sourceTree = "<group>"; };
		720164B91A6C058B00BC721A /* usb_libusb10.h */ = {isa = PBXFileReference; fileEncoding = 4; lastKnownFileType = sourcecode.c.h; path = usb_libusb10.h; sourceTree = "<group>"; };
		72048F6E1EDA00BE006381E9 /* share.cpp */ = {isa = PBXFileReference; fileEncoding = 4; lastKnownFileType = sourcecode.cpp.cpp; name = share.cpp; path = gestureExtraction/share.cpp; sourceTree = "<group>"; };
		72048F6F1EDA00BE006381E9 /* share.h */ = {isa = PBXFileReference; fileEncoding = 4; lastKnownFileType = sourcecode.c.h; name = share.h; path = gestureExtraction/share.h; sourceTree = "<group>"; };
		72048F8D1EDAD808006381E9 /* logs.cpp */ = {isa = PBXFileReference; fileEncoding = 4; lastKnownFileType = sourcecode.cpp.cpp; name = logs.cpp; path = log/logs.cpp; sourceTree = "<group>"; };
		72048F8E1EDAD808006381E9 /* logs.h */ = {isa = PBXFileReference; fileEncoding = 4; lastKnownFileType = sourcecode.c.h; name = logs.h; path = log/logs.h; sourceTree = "<group>"; };
		7207E6331EE2F5CC0021824C /* gestureAll.cpp */ = {isa = PBXFileReference; fileEncoding = 4; lastKnownFileType = sourcecode.cpp.cpp; name = gestureAll.cpp; path = gestureExtraction/gesture/gestureAll.cpp; sourceTree = "<group>"; };
		7207E6341EE2F5CC0021824C /* gestureAll.h */ = {isa = PBXFileReference; fileEncoding = 4; lastKnownFileType = sourcecode.c.h; name = gestureAll.h; path = gestureExtraction/gesture/gestureAll.h; sourceTree = "<group>"; };
		720A04F11EE5B80400731552 /* config.cpp */ = {isa = PBXFileReference; fileEncoding = 4; lastKnownFileType = sourcecode.cpp.cpp; name = config.cpp; path = config/config.cpp; sourceTree = "<group>"; };
		720A04F21EE5B80400731552 /* config.h */ = {isa = PBXFileReference; fileEncoding = 4; lastKnownFileType = sourcecode.c.h; name = config.h; path = config/config.h; sourceTree = "<group>"; };
		720A04F41EE5C44300731552 /* config.ini */ = {isa = PBXFileReference; fileEncoding = 4; lastKnownFileType = text; name = config.ini; path = ../../config.ini; sourceTree = "<group>"; };
		720C228B1DE990A30066104B /* hand.h */ = {isa = PBXFileReference; lastKnownFileType = sourcecode.c.h; name = hand.h; path = gestureExtraction/hand/hand.h; sourceTree = "<group>"; };
		720C228D1DE990F90066104B /* hand.cpp */ = {isa = PBXFileReference; fileEncoding = 4; lastKnownFileType = sourcecode.cpp.cpp; name = hand.cpp; path = gestureExtraction/hand/hand.cpp; sourceTree = "<group>"; };
		720C22901DF2EED10066104B /* tracking.cpp */ = {isa = PBXFileReference; fileEncoding = 4; lastKnownFileType = sourcecode.cpp.cpp; name = tracking.cpp; path = gestureExtraction/tracking/tracking.cpp; sourceTree = "<group>"; };
		720C22911DF2EED10066104B /* tracking.h */ = {isa = PBXFileReference; fileEncoding = 4; lastKnownFileType = sourcecode.c.h; name = tracking.h; path = gestureExtraction/tracking/tracking.h; sourceTree = "<group>"; };
		720C22931DF4236A0066104B /* gesture.cpp */ = {isa = PBXFileReference; fileEncoding = 4; lastKnownFileType = sourcecode.cpp.cpp; name = gesture.cpp; path = gestureExtraction/gesture/gesture.cpp; sourceTree = "<group>"; };
		720C22941DF4236A0066104B /* gesture.h */ = {isa = PBXFileReference; fileEncoding = 4; lastKnownFileType = sourcecode.c.h; name = gesture.h; path = gestureExtraction/gesture/gesture.h; sourceTree = "<group>"; };
		722141C11DB015AE00B697E8 /* libfreenect.h */ = {isa = PBXFileReference; fileEncoding = 4; lastKnownFileType = sourcecode.c.h; path = libfreenect.h; sourceTree = "<group>"; };
		722141C21DB015AE00B697E8 /* libfreenect_audio.h */ = {isa = PBXFileReference; fileEncoding = 4; lastKnownFileType = sourcecode.c.h; path = libfreenect_audio.h; sourceTree = "<group>"; };
		722141C31DB015AE00B697E8 /* libfreenect_registration.h */ = {isa = PBXFileReference; fileEncoding = 4; lastKnownFileType = sourcecode.c.h; path = libfreenect_registration.h; sourceTree = "<group>"; };
		723028961F23BB04003A8770 /* processframedata.cpp */ = {isa = PBXFileReference; fileEncoding = 4; lastKnownFileType = sourcecode.cpp.cpp; name = processframedata.cpp; path = gestureExtraction/processframedata.cpp; sourceTree = "<group>"; };
		723028971F23BB04003A8770 /* processframedata.h */ = {isa = PBXFileReference; fileEncoding = 4; lastKnownFileType = sourcecode.c.h; name = processframedata.h; path = gestureExtraction/processframedata.h; sourceTree = "<group>"; };
		7230289C1F247BB0003A8770 /* params.cpp */ = {isa = PBXFileReference; fileEncoding = 4; lastKnownFileType = sourcecode.cpp.cpp; name = params.cpp; path = gestureExtraction/params.cpp; sourceTree = "<group>"; };
		7230289D1F247BB0003A8770 /* params.h */ = {isa = PBXFileReference; fileEncoding = 4; lastKnownFileType = sourcecode.c.h; name = params.h; path = gestureExtraction/params.h; sourceTree = "<group>"; };
		725B1B9B1ED18A800028AE34 /* gesturefabrique.cpp */ = {isa = PBXFileReference; fileEncoding = 4; lastKnownFileType = sourcecode.cpp.cpp; name = gesturefabrique.cpp; path = gestureExtraction/gesture/gesturefabrique.cpp; sourceTree = "<group>"; };
		725B1B9C1ED18A800028AE34 /* gesturefabrique.h */ = {isa = PBXFileReference; fileEncoding = 4; lastKnownFileType = sourcecode.c.h; name = gesturefabrique.h; path = gestureExtraction/gesture/gesturefabrique.h; sourceTree = "<group>"; };
		725B1B9E1ED768A60028AE34 /* gestureStop.cpp */ = {isa = PBXFileReference; fileEncoding = 4; lastKnownFileType = sourcecode.cpp.cpp; name = gestureStop.cpp; path = gestureExtraction/gesture/gestureStop.cpp; sourceTree = "<group>"; };
		725B1B9F1ED768A60028AE34 /* gestureStop.h */ = {isa = PBXFileReference; fileEncoding = 4; lastKnownFileType = sourcecode.c.h; name = gestureStop.h; path = gestureExtraction/gesture/gestureStop.h; sourceTree = "<group>"; };
		725B1BA11ED772170028AE34 /* gestureReturn.cpp */ = {isa = PBXFileReference; fileEncoding = 4; lastKnownFileType = sourcecode.cpp.cpp; name = gestureReturn.cpp; path = gestureExtraction/gesture/gestureReturn.cpp; sourceTree = "<group>"; };
		725B1BA21ED772170028AE34 /* gestureReturn.h */ = {isa = PBXFileReference; fileEncoding = 4; lastKnownFileType = sourcecode.c.h; name = gestureReturn.h; path = gestureExtraction/gesture/gestureReturn.h; sourceTree = "<group>"; };
		7262270F1D906ED600644016 /* libopencv_calib3d.dylib */ = {isa = PBXFileReference; lastKnownFileType = "compiled.mach-o.dylib"; name = libopencv_calib3d.dylib; path = ../../../../../../../usr/local/lib/libopencv_calib3d.dylib; sourceTree = "<group>"; };
		726227111D906EF300644016 /* libopencv_core.dylib */ = {isa = PBXFileReference; lastKnownFileType = "compiled.mach-o.dylib"; name = libopencv_core.dylib; path = ../../../../../../../usr/local/lib/libopencv_core.dylib; sourceTree = "<group>"; };
		726227131D906F0200644016 /* libopencv_features2d.dylib */ = {isa = PBXFileReference; lastKnownFileType = "compiled.mach-o.dylib"; name = libopencv_features2d.dylib; path = ../../../../../../../usr/local/lib/libopencv_features2d.dylib; sourceTree = "<group>"; };
		726227181D906F5400644016 /* libopencv_flann.dylib */ = {isa = PBXFileReference; lastKnownFileType = "compiled.mach-o.dylib"; name = libopencv_flann.dylib; path = ../../../../../../../usr/local/lib/libopencv_flann.dylib; sourceTree = "<group>"; };
		7262271A1D906F6100644016 /* libopencv_highgui.dylib */ = {isa = PBXFileReference; lastKnownFileType = "compiled.mach-o.dylib"; name = libopencv_highgui.dylib; path = ../../../../../../../usr/local/lib/libopencv_highgui.dylib; sourceTree = "<group>"; };
		7262271C1D906F7400644016 /* libopencv_imgproc.dylib */ = {isa = PBXFileReference; lastKnownFileType = "compiled.mach-o.dylib"; name = libopencv_imgproc.dylib; path = ../../../../../../../usr/local/lib/libopencv_imgproc.dylib; sourceTree = "<group>"; };
		7262271E1D906F7A00644016 /* libopencv_legacy.dylib */ = {isa = PBXFileReference; lastKnownFileType = "compiled.mach-o.dylib"; name = libopencv_legacy.dylib; path = ../../../../../../../usr/local/lib/libopencv_legacy.dylib; sourceTree = "<group>"; };
		726227201D906F8100644016 /* libopencv_ml.dylib */ = {isa = PBXFileReference; lastKnownFileType = "compiled.mach-o.dylib"; name = libopencv_ml.dylib; path = ../../../../../../../usr/local/lib/libopencv_ml.dylib; sourceTree = "<group>"; };
		726227221D906F8A00644016 /* libopencv_objdetect.dylib */ = {isa = PBXFileReference; lastKnownFileType = "compiled.mach-o.dylib"; name = libopencv_objdetect.dylib; path = ../../../../../../../usr/local/lib/libopencv_objdetect.dylib; sourceTree = "<group>"; };
		726227241D906F9800644016 /* libopencv_photo.dylib */ = {isa = PBXFileReference; lastKnownFileType = "compiled.mach-o.dylib"; name = libopencv_photo.dylib; path = ../../../../../../../usr/local/lib/libopencv_photo.dylib; sourceTree = "<group>"; };
		726227261D906FA600644016 /* libopencv_stitching.dylib */ = {isa = PBXFileReference; lastKnownFileType = "compiled.mach-o.dylib"; name = libopencv_stitching.dylib; path = ../../../../../../../usr/local/lib/libopencv_stitching.dylib; sourceTree = "<group>"; };
		726227281D906FAD00644016 /* libopencv_superres.dylib */ = {isa = PBXFileReference; lastKnownFileType = "compiled.mach-o.dylib"; name = libopencv_superres.dylib; path = ../../../../../../../usr/local/lib/libopencv_superres.dylib; sourceTree = "<group>"; };
		7262272A1D906FB500644016 /* libopencv_video.dylib */ = {isa = PBXFileReference; lastKnownFileType = "compiled.mach-o.dylib"; name = libopencv_video.dylib; path = ../../../../../../../usr/local/lib/libopencv_video.dylib; sourceTree = "<group>"; };
		7262272C1D906FC100644016 /* libopencv_videostab.dylib */ = {isa = PBXFileReference; lastKnownFileType = "compiled.mach-o.dylib"; name = libopencv_videostab.dylib; path = ../../../../../../../usr/local/lib/libopencv_videostab.dylib; sourceTree = "<group>"; };
		7262272E1D9071DE00644016 /* libopencv_calib3d.2.4.dylib */ = {isa = PBXFileReference; lastKnownFileType = "compiled.mach-o.dylib"; name = libopencv_calib3d.2.4.dylib; path = ../../../../../../../usr/local/lib/libopencv_calib3d.2.4.dylib; sourceTree = "<group>"; };
		726227301D90720F00644016 /* libopencv_calib3d.2.4.9.dylib */ = {isa = PBXFileReference; lastKnownFileType = "compiled.mach-o.dylib"; name = libopencv_calib3d.2.4.9.dylib; path = ../../../../../../../usr/local/lib/libopencv_calib3d.2.4.9.dylib; sourceTree = "<group>"; };
		726227321D90737D00644016 /* libopencv_calib3d.2.4.9.dylib */ = {isa = PBXFileReference; lastKnownFileType = "compiled.mach-o.dylib"; name = libopencv_calib3d.2.4.9.dylib; path = opencv/lib/libopencv_calib3d.2.4.9.dylib; sourceTree = "<group>"; };
		726227331D90737D00644016 /* libopencv_core.2.4.9.dylib */ = {isa = PBXFileReference; lastKnownFileType = "compiled.mach-o.dylib"; name = libopencv_core.2.4.9.dylib; path = opencv/lib/libopencv_core.2.4.9.dylib; sourceTree = "<group>"; };
		726227341D90737D00644016 /* libopencv_features2d.2.4.9.dylib */ = {isa = PBXFileReference; lastKnownFileType = "compiled.mach-o.dylib"; name = libopencv_features2d.2.4.9.dylib; path = opencv/lib/libopencv_features2d.2.4.9.dylib; sourceTree = "<group>"; };
		726227351D90737D00644016 /* libopencv_flann.2.4.9.dylib */ = {isa = PBXFileReference; lastKnownFileType = "compiled.mach-o.dylib"; name = libopencv_flann.2.4.9.dylib; path = opencv/lib/libopencv_flann.2.4.9.dylib; sourceTree = "<group>"; };
		726227361D90737D00644016 /* libopencv_highgui.2.4.9.dylib */ = {isa = PBXFileReference; lastKnownFileType = "compiled.mach-o.dylib"; name = libopencv_highgui.2.4.9.dylib; path = opencv/lib/libopencv_highgui.2.4.9.dylib; sourceTree = "<group>"; };
		726227371D90737D00644016 /* libopencv_imgproc.2.4.9.dylib */ = {isa = PBXFileReference; lastKnownFileType = "compiled.mach-o.dylib"; name = libopencv_imgproc.2.4.9.dylib; path = opencv/lib/libopencv_imgproc.2.4.9.dylib; sourceTree = "<group>"; };
		726227381D90737D00644016 /* libopencv_legacy.2.4.9.dylib */ = {isa = PBXFileReference; lastKnownFileType = "compiled.mach-o.dylib"; name = libopencv_legacy.2.4.9.dylib; path = opencv/lib/libopencv_legacy.2.4.9.dylib; sourceTree = "<group>"; };
		726227391D90737D00644016 /* libopencv_ml.2.4.9.dylib */ = {isa = PBXFileReference; lastKnownFileType = "compiled.mach-o.dylib"; name = libopencv_ml.2.4.9.dylib; path = opencv/lib/libopencv_ml.2.4.9.dylib; sourceTree = "<group>"; };
		7262273A1D90737D00644016 /* libopencv_objdetect.2.4.9.dylib */ = {isa = PBXFileReference; lastKnownFileType = "compiled.mach-o.dylib"; name = libopencv_objdetect.2.4.9.dylib; path = opencv/lib/libopencv_objdetect.2.4.9.dylib; sourceTree = "<group>"; };
		7262273B1D90737D00644016 /* libopencv_photo.2.4.9.dylib */ = {isa = PBXFileReference; lastKnownFileType = "compiled.mach-o.dylib"; name = libopencv_photo.2.4.9.dylib; path = opencv/lib/libopencv_photo.2.4.9.dylib; sourceTree = "<group>"; };
		7262273C1D90737D00644016 /* libopencv_stitching.2.4.9.dylib */ = {isa = PBXFileReference; lastKnownFileType = "compiled.mach-o.dylib"; name = libopencv_stitching.2.4.9.dylib; path = opencv/lib/libopencv_stitching.2.4.9.dylib; sourceTree = "<group>"; };
		7262273D1D90737D00644016 /* libopencv_superres.2.4.9.dylib */ = {isa = PBXFileReference; lastKnownFileType = "compiled.mach-o.dylib"; name = libopencv_superres.2.4.9.dylib; path = opencv/lib/libopencv_superres.2.4.9.dylib; sourceTree = "<group>"; };
		7262273E1D90737D00644016 /* libopencv_video.2.4.9.dylib */ = {isa = PBXFileReference; lastKnownFileType = "compiled.mach-o.dylib"; name = libopencv_video.2.4.9.dylib; path = opencv/lib/libopencv_video.2.4.9.dylib; sourceTree = "<group>"; };
		7262273F1D90737D00644016 /* libopencv_videostab.2.4.9.dylib */ = {isa = PBXFileReference; lastKnownFileType = "compiled.mach-o.dylib"; name = libopencv_videostab.2.4.9.dylib; path = opencv/lib/libopencv_videostab.2.4.9.dylib; sourceTree = "<group>"; };
		7274B8B91F1CEA5300F1D30D /* convex3d.cpp */ = {isa = PBXFileReference; fileEncoding = 4; lastKnownFileType = sourcecode.cpp.cpp; name = convex3d.cpp; path = gestureExtraction/convex3d/convex3d.cpp; sourceTree = "<group>"; };
		7274B8BA1F1CEA5300F1D30D /* convex3d.h */ = {isa = PBXFileReference; fileEncoding = 4; lastKnownFileType = sourcecode.c.h; name = convex3d.h; path = gestureExtraction/convex3d/convex3d.h; sourceTree = "<group>"; };
		7274B8BC1F1E7E3800F1D30D /* blobext.hpp */ = {isa = PBXFileReference; lastKnownFileType = sourcecode.cpp.h; name = blobext.hpp; path = gestureExtraction/blobs/blobext.hpp; sourceTree = "<group>"; };
		7274B8C11F1F2B3800F1D30D /* cell.cpp */ = {isa = PBXFileReference; fileEncoding = 4; lastKnownFileType = sourcecode.cpp.cpp; name = cell.cpp; path = gestureExtraction/blobs/cells/cell.cpp; sourceTree = "<group>"; };
		7274B8C21F1F2B3800F1D30D /* cell.h */ = {isa = PBXFileReference; fileEncoding = 4; lastKnownFileType = sourcecode.c.h; name = cell.h; path = gestureExtraction/blobs/cells/cell.h; sourceTree = "<group>"; };
		7274B8C31F1F2B3800F1D30D /* cells.hpp */ = {isa = PBXFileReference; fileEncoding = 4; lastKnownFileType = sourcecode.cpp.h; name = cells.hpp; path = gestureExtraction/blobs/cells/cells.hpp; sourceTree = "<group>"; };
		7274B8C71F1F2D5500F1D30D /* border.hpp */ = {isa = PBXFileReference; fileEncoding = 4; lastKnownFileType = sourcecode.cpp.h; name = border.hpp; path = gestureExtraction/blobs/borders/border.hpp; sourceTree = "<group>"; };
		72799BA41DC61E5800BAC3DC /* extractframedata.cpp */ = {isa = PBXFileReference; fileEncoding = 4; lastKnownFileType = sourcecode.cpp.cpp; name = extractframedata.cpp; path = gestureExtraction/extractframedata.cpp; sourceTree = "<group>"; };
		72799BA51DC61E5800BAC3DC /* extractframedata.h */ = {isa = PBXFileReference; fileEncoding = 4; lastKnownFileType = sourcecode.c.h; name = extractframedata.h; path = gestureExtraction/extractframedata.h; sourceTree = "<group>"; };
		72799BA61DC61E5800BAC3DC /* types.h */ = {isa = PBXFileReference; fileEncoding = 4; lastKnownFileType = sourcecode.c.h; name = types.h; path = gestureExtraction/types.h; sourceTree = "<group>"; };
		72799BA91DC61E6D00BAC3DC /* blob.hpp */ = {isa = PBXFileReference; fileEncoding = 4; lastKnownFileType = sourcecode.cpp.h; name = blob.hpp; path = gestureExtraction/blobs/blob.hpp; sourceTree = "<group>"; };
		72799BB11DC61EAE00BAC3DC /* visualization.cpp */ = {isa = PBXFileReference; fileEncoding = 4; lastKnownFileType = sourcecode.cpp.cpp; name = visualization.cpp; path = gestureExtraction/visualization/visualization.cpp; sourceTree = "<group>"; };
		72799BB21DC61EAE00BAC3DC /* visualization.h */ = {isa = PBXFileReference; fileEncoding = 4; lastKnownFileType = sourcecode.c.h; name = visualization.h; path = gestureExtraction/visualization/visualization.h; sourceTree = "<group>"; };
		728233271F0D4B2400B6E4D4 /* libpcl_io_ply.1.7.2.dylib */ = {isa = PBXFileReference; lastKnownFileType = "compiled.mach-o.dylib"; name = libpcl_io_ply.1.7.2.dylib; path = ../../../../../../../usr/local/lib/libpcl_io_ply.1.7.2.dylib; sourceTree = "<group>"; };
		728233281F0D4B2400B6E4D4 /* libpcl_io.1.7.2.dylib */ = {isa = PBXFileReference; lastKnownFileType = "compiled.mach-o.dylib"; name = libpcl_io.1.7.2.dylib; path = ../../../../../../../usr/local/lib/libpcl_io.1.7.2.dylib; sourceTree = "<group>"; };
		728233291F0D4B2400B6E4D4 /* libpcl_kdtree.1.7.2.dylib */ = {isa = PBXFileReference; lastKnownFileType = "compiled.mach-o.dylib"; name = libpcl_kdtree.1.7.2.dylib; path = ../../../../../../../usr/local/lib/libpcl_kdtree.1.7.2.dylib; sourceTree = "<group>"; };
		7282332A1F0D4B2400B6E4D4 /* libpcl_keypoints.1.7.2.dylib */ = {isa = PBXFileReference; lastKnownFileType = "compiled.mach-o.dylib"; name = libpcl_keypoints.1.7.2.dylib; path = ../../../../../../../usr/local/lib/libpcl_keypoints.1.7.2.dylib; sourceTree = "<group>"; };
		7282332B1F0D4B2400B6E4D4 /* libpcl_octree.1.7.2.dylib */ = {isa = PBXFileReference; lastKnownFileType = "compiled.mach-o.dylib"; name = libpcl_octree.1.7.2.dylib; path = ../../../../../../../usr/local/lib/libpcl_octree.1.7.2.dylib; sourceTree = "<group>"; };
		7282332C1F0D4B2400B6E4D4 /* libpcl_recognition.1.7.2.dylib */ = {isa = PBXFileReference; lastKnownFileType = "compiled.mach-o.dylib"; name = libpcl_recognition.1.7.2.dylib; path = ../../../../../../../usr/local/lib/libpcl_recognition.1.7.2.dylib; sourceTree = "<group>"; };
		7282332D1F0D4B2400B6E4D4 /* libpcl_registration.1.7.2.dylib */ = {isa = PBXFileReference; lastKnownFileType = "compiled.mach-o.dylib"; name = libpcl_registration.1.7.2.dylib; path = ../../../../../../../usr/local/lib/libpcl_registration.1.7.2.dylib; sourceTree = "<group>"; };
		7282332E1F0D4B2400B6E4D4 /* libpcl_sample_consensus.1.7.2.dylib */ = {isa = PBXFileReference; lastKnownFileType = "compiled.mach-o.dylib"; name = libpcl_sample_consensus.1.7.2.dylib; path = ../../../../../../../usr/local/lib/libpcl_sample_consensus.1.7.2.dylib; sourceTree = "<group>"; };
		7282332F1F0D4B2400B6E4D4 /* libpcl_search.1.7.2.dylib */ = {isa = PBXFileReference; lastKnownFileType = "compiled.mach-o.dylib"; name = libpcl_search.1.7.2.dylib; path = ../../../../../../../usr/local/lib/libpcl_search.1.7.2.dylib; sourceTree = "<group>"; };
		728233301F0D4B2400B6E4D4 /* libpcl_segmentation.1.7.2.dylib */ = {isa = PBXFileReference; lastKnownFileType = "compiled.mach-o.dylib"; name = libpcl_segmentation.1.7.2.dylib; path = ../../../../../../../usr/local/lib/libpcl_segmentation.1.7.2.dylib; sourceTree = "<group>"; };
		728233311F0D4B2400B6E4D4 /* libpcl_surface.1.7.2.dylib */ = {isa = PBXFileReference; lastKnownFileType = "compiled.mach-o.dylib"; name = libpcl_surface.1.7.2.dylib; path = ../../../../../../../usr/local/lib/libpcl_surface.1.7.2.dylib; sourceTree = "<group>"; };
		728233321F0D4B2400B6E4D4 /* libpcl_tracking.1.7.2.dylib */ = {isa = PBXFileReference; lastKnownFileType = "compiled.mach-o.dylib"; name = libpcl_tracking.1.7.2.dylib; path = ../../../../../../../usr/local/lib/libpcl_tracking.1.7.2.dylib; sourceTree = "<group>"; };
		728233401F0D4FFD00B6E4D4 /* pclplane.cpp */ = {isa = PBXFileReference; fileEncoding = 4; lastKnownFileType = sourcecode.cpp.cpp; name = pclplane.cpp; path = gestureExtraction/pcl/pclplane.cpp; sourceTree = "<group>"; };
		728233411F0D4FFD00B6E4D4 /* pclplane.hpp */ = {isa = PBXFileReference; fileEncoding = 4; lastKnownFileType = sourcecode.cpp.h; name = pclplane.hpp; path = gestureExtraction/pcl/pclplane.hpp; sourceTree = "<group>"; };
		728233431F0D534400B6E4D4 /* libboost_atomic-mt.dylib */ = {isa = PBXFileReference; lastKnownFileType = "compiled.mach-o.dylib"; name = "libboost_atomic-mt.dylib"; path = "../../../../../../../usr/local/lib/libboost_atomic-mt.dylib"; sourceTree = "<group>"; };
		728233441F0D534400B6E4D4 /* libboost_chrono-mt.dylib */ = {isa = PBXFileReference; lastKnownFileType = "compiled.mach-o.dylib"; name = "libboost_chrono-mt.dylib"; path = "../../../../../../../usr/local/lib/libboost_chrono-mt.dylib"; sourceTree = "<group>"; };
		728233451F0D534400B6E4D4 /* libboost_chrono.dylib */ = {isa = PBXFileReference; lastKnownFileType = "compiled.mach-o.dylib"; name = libboost_chrono.dylib; path = ../../../../../../../usr/local/lib/libboost_chrono.dylib; sourceTree = "<group>"; };
		728233461F0D534400B6E4D4 /* libboost_container-mt.dylib */ = {isa = PBXFileReference; lastKnownFileType = "compiled.mach-o.dylib"; name = "libboost_container-mt.dylib"; path = "../../../../../../../usr/local/lib/libboost_container-mt.dylib"; sourceTree = "<group>"; };
		728233471F0D534400B6E4D4 /* libboost_container.dylib */ = {isa = PBXFileReference; lastKnownFileType = "compiled.mach-o.dylib"; name = libboost_container.dylib; path = ../../../../../../../usr/local/lib/libboost_container.dylib; sourceTree = "<group>"; };
		728233481F0D534400B6E4D4 /* libboost_context-mt.dylib */ = {isa = PBXFileReference; lastKnownFileType = "compiled.mach-o.dylib"; name = "libboost_context-mt.dylib"; path = "../../../../../../../usr/local/lib/libboost_context-mt.dylib"; sourceTree = "<group>"; };
		728233491F0D534400B6E4D4 /* libboost_coroutine-mt.dylib */ = {isa = PBXFileReference; lastKnownFileType = "compiled.mach-o.dylib"; name = "libboost_coroutine-mt.dylib"; path = "../../../../../../../usr/local/lib/libboost_coroutine-mt.dylib"; sourceTree = "<group>"; };
		7282334A1F0D534400B6E4D4 /* libboost_coroutine.dylib */ = {isa = PBXFileReference; lastKnownFileType = "compiled.mach-o.dylib"; name = libboost_coroutine.dylib; path = ../../../../../../../usr/local/lib/libboost_coroutine.dylib; sourceTree = "<group>"; };
		7282334B1F0D534400B6E4D4 /* libboost_date_time-mt.dylib */ = {isa = PBXFileReference; lastKnownFileType = "compiled.mach-o.dylib"; name = "libboost_date_time-mt.dylib"; path = "../../../../../../../usr/local/lib/libboost_date_time-mt.dylib"; sourceTree = "<group>"; };
		7282334C1F0D534400B6E4D4 /* libboost_date_time.dylib */ = {isa = PBXFileReference; lastKnownFileType = "compiled.mach-o.dylib"; name = libboost_date_time.dylib; path = ../../../../../../../usr/local/lib/libboost_date_time.dylib; sourceTree = "<group>"; };
		7282334D1F0D534400B6E4D4 /* libboost_filesystem-mt.dylib */ = {isa = PBXFileReference; lastKnownFileType = "compiled.mach-o.dylib"; name = "libboost_filesystem-mt.dylib"; path = "../../../../../../../usr/local/lib/libboost_filesystem-mt.dylib"; sourceTree = "<group>"; };
		7282334E1F0D534400B6E4D4 /* libboost_filesystem.dylib */ = {isa = PBXFileReference; lastKnownFileType = "compiled.mach-o.dylib"; name = libboost_filesystem.dylib; path = ../../../../../../../usr/local/lib/libboost_filesystem.dylib; sourceTree = "<group>"; };
		7282334F1F0D534400B6E4D4 /* libboost_graph-mt.dylib */ = {isa = PBXFileReference; lastKnownFileType = "compiled.mach-o.dylib"; name = "libboost_graph-mt.dylib"; path = "../../../../../../../usr/local/lib/libboost_graph-mt.dylib"; sourceTree = "<group>"; };
		728233501F0D534400B6E4D4 /* libboost_graph.dylib */ = {isa = PBXFileReference; lastKnownFileType = "compiled.mach-o.dylib"; name = libboost_graph.dylib; path = ../../../../../../../usr/local/lib/libboost_graph.dylib; sourceTree = "<group>"; };
		728233511F0D534400B6E4D4 /* libboost_iostreams-mt.dylib */ = {isa = PBXFileReference; lastKnownFileType = "compiled.mach-o.dylib"; name = "libboost_iostreams-mt.dylib"; path = "../../../../../../../usr/local/lib/libboost_iostreams-mt.dylib"; sourceTree = "<group>"; };
		728233521F0D534400B6E4D4 /* libboost_iostreams.dylib */ = {isa = PBXFileReference; lastKnownFileType = "compiled.mach-o.dylib"; name = libboost_iostreams.dylib; path = ../../../../../../../usr/local/lib/libboost_iostreams.dylib; sourceTree = "<group>"; };
		728233531F0D534400B6E4D4 /* libboost_locale-mt.dylib */ = {isa = PBXFileReference; lastKnownFileType = "compiled.mach-o.dylib"; name = "libboost_locale-mt.dylib"; path = "../../../../../../../usr/local/lib/libboost_locale-mt.dylib"; sourceTree = "<group>"; };
		728233541F0D534400B6E4D4 /* libboost_log_setup-mt.dylib */ = {isa = PBXFileReference; lastKnownFileType = "compiled.mach-o.dylib"; name = "libboost_log_setup-mt.dylib"; path = "../../../../../../../usr/local/lib/libboost_log_setup-mt.dylib"; sourceTree = "<group>"; };
		728233551F0D534400B6E4D4 /* libboost_log_setup.dylib */ = {isa = PBXFileReference; lastKnownFileType = "compiled.mach-o.dylib"; name = libboost_log_setup.dylib; path = ../../../../../../../usr/local/lib/libboost_log_setup.dylib; sourceTree = "<group>"; };
		728233561F0D534400B6E4D4 /* libboost_log-mt.dylib */ = {isa = PBXFileReference; lastKnownFileType = "compiled.mach-o.dylib"; name = "libboost_log-mt.dylib"; path = "../../../../../../../usr/local/lib/libboost_log-mt.dylib"; sourceTree = "<group>"; };
		728233571F0D534400B6E4D4 /* libboost_log.dylib */ = {isa = PBXFileReference; lastKnownFileType = "compiled.mach-o.dylib"; name = libboost_log.dylib; path = ../../../../../../../usr/local/lib/libboost_log.dylib; sourceTree = "<group>"; };
		728233581F0D534400B6E4D4 /* libboost_math_c99-mt.dylib */ = {isa = PBXFileReference; lastKnownFileType = "compiled.mach-o.dylib"; name = "libboost_math_c99-mt.dylib"; path = "../../../../../../../usr/local/lib/libboost_math_c99-mt.dylib"; sourceTree = "<group>"; };
		728233591F0D534400B6E4D4 /* libboost_math_c99.dylib */ = {isa = PBXFileReference; lastKnownFileType = "compiled.mach-o.dylib"; name = libboost_math_c99.dylib; path = ../../../../../../../usr/local/lib/libboost_math_c99.dylib; sourceTree = "<group>"; };
		7282335A1F0D534400B6E4D4 /* libboost_math_c99f-mt.dylib */ = {isa = PBXFileReference; lastKnownFileType = "compiled.mach-o.dylib"; name = "libboost_math_c99f-mt.dylib"; path = "../../../../../../../usr/local/lib/libboost_math_c99f-mt.dylib"; sourceTree = "<group>"; };
		7282335B1F0D534400B6E4D4 /* libboost_math_c99f.dylib */ = {isa = PBXFileReference; lastKnownFileType = "compiled.mach-o.dylib"; name = libboost_math_c99f.dylib; path = ../../../../../../../usr/local/lib/libboost_math_c99f.dylib; sourceTree = "<group>"; };
		7282335C1F0D534400B6E4D4 /* libboost_math_c99l-mt.dylib */ = {isa = PBXFileReference; lastKnownFileType = "compiled.mach-o.dylib"; name = "libboost_math_c99l-mt.dylib"; path = "../../../../../../../usr/local/lib/libboost_math_c99l-mt.dylib"; sourceTree = "<group>"; };
		7282335D1F0D534400B6E4D4 /* libboost_math_c99l.dylib */ = {isa = PBXFileReference; lastKnownFileType = "compiled.mach-o.dylib"; name = libboost_math_c99l.dylib; path = ../../../../../../../usr/local/lib/libboost_math_c99l.dylib; sourceTree = "<group>"; };
		7282335E1F0D534400B6E4D4 /* libboost_math_tr1-mt.dylib */ = {isa = PBXFileReference; lastKnownFileType = "compiled.mach-o.dylib"; name = "libboost_math_tr1-mt.dylib"; path = "../../../../../../../usr/local/lib/libboost_math_tr1-mt.dylib"; sourceTree = "<group>"; };
		7282335F1F0D534400B6E4D4 /* libboost_math_tr1.dylib */ = {isa = PBXFileReference; lastKnownFileType = "compiled.mach-o.dylib"; name = libboost_math_tr1.dylib; path = ../../../../../../../usr/local/lib/libboost_math_tr1.dylib; sourceTree = "<group>"; };
		728233601F0D534400B6E4D4 /* libboost_math_tr1f-mt.dylib */ = {isa = PBXFileReference; lastKnownFileType = "compiled.mach-o.dylib"; name = "libboost_math_tr1f-mt.dylib"; path = "../../../../../../../usr/local/lib/libboost_math_tr1f-mt.dylib"; sourceTree = "<group>"; };
		728233611F0D534400B6E4D4 /* libboost_math_tr1f.dylib */ = {isa = PBXFileReference; lastKnownFileType = "compiled.mach-o.dylib"; name = libboost_math_tr1f.dylib; path = ../../../../../../../usr/local/lib/libboost_math_tr1f.dylib; sourceTree = "<group>"; };
		728233621F0D534400B6E4D4 /* libboost_math_tr1l-mt.dylib */ = {isa = PBXFileReference; lastKnownFileType = "compiled.mach-o.dylib"; name = "libboost_math_tr1l-mt.dylib"; path = "../../../../../../../usr/local/lib/libboost_math_tr1l-mt.dylib"; sourceTree = "<group>"; };
		728233631F0D534400B6E4D4 /* libboost_math_tr1l.dylib */ = {isa = PBXFileReference; lastKnownFileType = "compiled.mach-o.dylib"; name = libboost_math_tr1l.dylib; path = ../../../../../../../usr/local/lib/libboost_math_tr1l.dylib; sourceTree = "<group>"; };
		728233641F0D534400B6E4D4 /* libboost_prg_exec_monitor-mt.dylib */ = {isa = PBXFileReference; lastKnownFileType = "compiled.mach-o.dylib"; name = "libboost_prg_exec_monitor-mt.dylib"; path = "../../../../../../../usr/local/lib/libboost_prg_exec_monitor-mt.dylib"; sourceTree = "<group>"; };
		728233651F0D534400B6E4D4 /* libboost_prg_exec_monitor.dylib */ = {isa = PBXFileReference; lastKnownFileType = "compiled.mach-o.dylib"; name = libboost_prg_exec_monitor.dylib; path = ../../../../../../../usr/local/lib/libboost_prg_exec_monitor.dylib; sourceTree = "<group>"; };
		728233661F0D534400B6E4D4 /* libboost_program_options-mt.dylib */ = {isa = PBXFileReference; lastKnownFileType = "compiled.mach-o.dylib"; name = "libboost_program_options-mt.dylib"; path = "../../../../../../../usr/local/lib/libboost_program_options-mt.dylib"; sourceTree = "<group>"; };
		728233671F0D534400B6E4D4 /* libboost_program_options.dylib */ = {isa = PBXFileReference; lastKnownFileType = "compiled.mach-o.dylib"; name = libboost_program_options.dylib; path = ../../../../../../../usr/local/lib/libboost_program_options.dylib; sourceTree = "<group>"; };
		728233681F0D534400B6E4D4 /* libboost_random-mt.dylib */ = {isa = PBXFileReference; lastKnownFileType = "compiled.mach-o.dylib"; name = "libboost_random-mt.dylib"; path = "../../../../../../../usr/local/lib/libboost_random-mt.dylib"; sourceTree = "<group>"; };
		728233691F0D534400B6E4D4 /* libboost_random.dylib */ = {isa = PBXFileReference; lastKnownFileType = "compiled.mach-o.dylib"; name = libboost_random.dylib; path = ../../../../../../../usr/local/lib/libboost_random.dylib; sourceTree = "<group>"; };
		7282336A1F0D534400B6E4D4 /* libboost_regex-mt.dylib */ = {isa = PBXFileReference; lastKnownFileType = "compiled.mach-o.dylib"; name = "libboost_regex-mt.dylib"; path = "../../../../../../../usr/local/lib/libboost_regex-mt.dylib"; sourceTree = "<group>"; };
		7282336B1F0D534400B6E4D4 /* libboost_regex.dylib */ = {isa = PBXFileReference; lastKnownFileType = "compiled.mach-o.dylib"; name = libboost_regex.dylib; path = ../../../../../../../usr/local/lib/libboost_regex.dylib; sourceTree = "<group>"; };
		7282336C1F0D534400B6E4D4 /* libboost_serialization-mt.dylib */ = {isa = PBXFileReference; lastKnownFileType = "compiled.mach-o.dylib"; name = "libboost_serialization-mt.dylib"; path = "../../../../../../../usr/local/lib/libboost_serialization-mt.dylib"; sourceTree = "<group>"; };
		7282336D1F0D534400B6E4D4 /* libboost_serialization.dylib */ = {isa = PBXFileReference; lastKnownFileType = "compiled.mach-o.dylib"; name = libboost_serialization.dylib; path = ../../../../../../../usr/local/lib/libboost_serialization.dylib; sourceTree = "<group>"; };
		7282336E1F0D534400B6E4D4 /* libboost_signals-mt.dylib */ = {isa = PBXFileReference; lastKnownFileType = "compiled.mach-o.dylib"; name = "libboost_signals-mt.dylib"; path = "../../../../../../../usr/local/lib/libboost_signals-mt.dylib"; sourceTree = "<group>"; };
		7282336F1F0D534400B6E4D4 /* libboost_signals.dylib */ = {isa = PBXFileReference; lastKnownFileType = "compiled.mach-o.dylib"; name = libboost_signals.dylib; path = ../../../../../../../usr/local/lib/libboost_signals.dylib; sourceTree = "<group>"; };
		728233701F0D534400B6E4D4 /* libboost_system-mt.dylib */ = {isa = PBXFileReference; lastKnownFileType = "compiled.mach-o.dylib"; name = "libboost_system-mt.dylib"; path = "../../../../../../../usr/local/lib/libboost_system-mt.dylib"; sourceTree = "<group>"; };
		728233711F0D534400B6E4D4 /* libboost_system.dylib */ = {isa = PBXFileReference; lastKnownFileType = "compiled.mach-o.dylib"; name = libboost_system.dylib; path = ../../../../../../../usr/local/lib/libboost_system.dylib; sourceTree = "<group>"; };
		728233721F0D534400B6E4D4 /* libboost_thread-mt.dylib */ = {isa = PBXFileReference; lastKnownFileType = "compiled.mach-o.dylib"; name = "libboost_thread-mt.dylib"; path = "../../../../../../../usr/local/lib/libboost_thread-mt.dylib"; sourceTree = "<group>"; };
		728233731F0D534400B6E4D4 /* libboost_timer-mt.dylib */ = {isa = PBXFileReference; lastKnownFileType = "compiled.mach-o.dylib"; name = "libboost_timer-mt.dylib"; path = "../../../../../../../usr/local/lib/libboost_timer-mt.dylib"; sourceTree = "<group>"; };
		728233741F0D534400B6E4D4 /* libboost_timer.dylib */ = {isa = PBXFileReference; lastKnownFileType = "compiled.mach-o.dylib"; name = libboost_timer.dylib; path = ../../../../../../../usr/local/lib/libboost_timer.dylib; sourceTree = "<group>"; };
		728233751F0D534400B6E4D4 /* libboost_type_erasure-mt.dylib */ = {isa = PBXFileReference; lastKnownFileType = "compiled.mach-o.dylib"; name = "libboost_type_erasure-mt.dylib"; path = "../../../../../../../usr/local/lib/libboost_type_erasure-mt.dylib"; sourceTree = "<group>"; };
		728233761F0D534400B6E4D4 /* libboost_type_erasure.dylib */ = {isa = PBXFileReference; lastKnownFileType = "compiled.mach-o.dylib"; name = libboost_type_erasure.dylib; path = ../../../../../../../usr/local/lib/libboost_type_erasure.dylib; sourceTree = "<group>"; };
		728233771F0D534500B6E4D4 /* libboost_unit_test_framework-mt.dylib */ = {isa = PBXFileReference; lastKnownFileType = "compiled.mach-o.dylib"; name = "libboost_unit_test_framework-mt.dylib"; path = "../../../../../../../usr/local/lib/libboost_unit_test_framework-mt.dylib"; sourceTree = "<group>"; };
		728233781F0D534500B6E4D4 /* libboost_unit_test_framework.dylib */ = {isa = PBXFileReference; lastKnownFileType = "compiled.mach-o.dylib"; name = libboost_unit_test_framework.dylib; path = ../../../../../../../usr/local/lib/libboost_unit_test_framework.dylib; sourceTree = "<group>"; };
		728233791F0D534500B6E4D4 /* libboost_wave-mt.dylib */ = {isa = PBXFileReference; lastKnownFileType = "compiled.mach-o.dylib"; name = "libboost_wave-mt.dylib"; path = "../../../../../../../usr/local/lib/libboost_wave-mt.dylib"; sourceTree = "<group>"; };
		7282337A1F0D534500B6E4D4 /* libboost_wserialization-mt.dylib */ = {isa = PBXFileReference; lastKnownFileType = "compiled.mach-o.dylib"; name = "libboost_wserialization-mt.dylib"; path = "../../../../../../../usr/local/lib/libboost_wserialization-mt.dylib"; sourceTree = "<group>"; };
		7282337B1F0D534500B6E4D4 /* libboost_wserialization.dylib */ = {isa = PBXFileReference; lastKnownFileType = "compiled.mach-o.dylib"; name = libboost_wserialization.dylib; path = ../../../../../../../usr/local/lib/libboost_wserialization.dylib; sourceTree = "<group>"; };
		728233B51F0D568000B6E4D4 /* libpcl_common.1.7.2.dylib */ = {isa = PBXFileReference; lastKnownFileType = "compiled.mach-o.dylib"; name = libpcl_common.1.7.2.dylib; path = ../../../../../../../usr/local/lib/libpcl_common.1.7.2.dylib; sourceTree = "<group>"; };
		728233B61F0D568000B6E4D4 /* libpcl_features.1.7.2.dylib */ = {isa = PBXFileReference; lastKnownFileType = "compiled.mach-o.dylib"; name = libpcl_features.1.7.2.dylib; path = ../../../../../../../usr/local/lib/libpcl_features.1.7.2.dylib; sourceTree = "<group>"; };
		728233B71F0D568000B6E4D4 /* libpcl_filters.1.7.2.dylib */ = {isa = PBXFileReference; lastKnownFileType = "compiled.mach-o.dylib"; name = libpcl_filters.1.7.2.dylib; path = ../../../../../../../usr/local/lib/libpcl_filters.1.7.2.dylib; sourceTree = "<group>"; };
		728233BB1F11390400B6E4D4 /* pcldownsample.cpp */ = {isa = PBXFileReference; fileEncoding = 4; lastKnownFileType = sourcecode.cpp.cpp; name = pcldownsample.cpp; path = gestureExtraction/pcl/pcldownsample.cpp; sourceTree = "<group>"; };
		728233BC1F11390400B6E4D4 /* pcldownsample.hpp */ = {isa = PBXFileReference; fileEncoding = 4; lastKnownFileType = sourcecode.cpp.h; name = pcldownsample.hpp; path = gestureExtraction/pcl/pcldownsample.hpp; sourceTree = "<group>"; };
		728233BE1F114CC200B6E4D4 /* pclutility.cpp */ = {isa = PBXFileReference; fileEncoding = 4; lastKnownFileType = sourcecode.cpp.cpp; name = pclutility.cpp; path = gestureExtraction/pcl/pclutility.cpp; sourceTree = "<group>"; };
		728233BF1F114CC200B6E4D4 /* pclutility.hpp */ = {isa = PBXFileReference; fileEncoding = 4; lastKnownFileType = sourcecode.cpp.h; name = pclutility.hpp; path = gestureExtraction/pcl/pclutility.hpp; sourceTree = "<group>"; };
		728233C11F11525700B6E4D4 /* pclsegmentation.cpp */ = {isa = PBXFileReference; fileEncoding = 4; lastKnownFileType = sourcecode.cpp.cpp; name = pclsegmentation.cpp; path = gestureExtraction/pcl/pclsegmentation.cpp; sourceTree = "<group>"; };
		728233C21F11525700B6E4D4 /* pclsegmentation.hpp */ = {isa = PBXFileReference; fileEncoding = 4; lastKnownFileType = sourcecode.cpp.h; name = pclsegmentation.hpp; path = gestureExtraction/pcl/pclsegmentation.hpp; sourceTree = "<group>"; };
		728233C41F1153B100B6E4D4 /* pclnormals.cpp */ = {isa = PBXFileReference; fileEncoding = 4; lastKnownFileType = sourcecode.cpp.cpp; name = pclnormals.cpp; path = gestureExtraction/pcl/pclnormals.cpp; sourceTree = "<group>"; };
		728233C51F1153B100B6E4D4 /* pclnormals.hpp */ = {isa = PBXFileReference; fileEncoding = 4; lastKnownFileType = sourcecode.cpp.h; name = pclnormals.hpp; path = gestureExtraction/pcl/pclnormals.hpp; sourceTree = "<group>"; };
		728233CE1F1B692F00B6E4D4 /* blobsfabrique.hpp */ = {isa = PBXFileReference; fileEncoding = 4; lastKnownFileType = sourcecode.cpp.h; name = blobsfabrique.hpp; path = gestureExtraction/blobs/blobsfabrique.hpp; sourceTree = "<group>"; };
		728233D11F1B7EFE00B6E4D4 /* blobsclust.hpp */ = {isa = PBXFileReference; fileEncoding = 4; lastKnownFileType = sourcecode.cpp.h; name = blobsclust.hpp; path = gestureExtraction/blobs/blobsclust.hpp; sourceTree = "<group>"; };
		7298B7261D8D85840093134C /* main.cpp */ = {isa = PBXFileReference; fileEncoding = 4; lastKnownFileType = sourcecode.cpp.cpp; path = main.cpp; sourceTree = "<group>"; };
		72AFE5E31E7B583000143CA7 /* libusb-1.0.a */ = {isa = PBXFileReference; lastKnownFileType = archive.ar; name = "libusb-1.0.a"; path = "lib/libusb-1.0.a"; sourceTree = "<group>"; };
		72B332AD1BAF0733003DA9DA /* kinect.cpp */ = {isa = PBXFileReference; fileEncoding = 4; lastKnownFileType = sourcecode.cpp.cpp; path = kinect.cpp; sourceTree = "<group>"; };
		72B332AE1BAF0733003DA9DA /* kinect.h */ = {isa = PBXFileReference; fileEncoding = 4; lastKnownFileType = sourcecode.c.h; path = kinect.h; sourceTree = "<group>"; };
/* End PBXFileReference section */

/* Begin PBXFrameworksBuildPhase section */
		720164991A6C023800BC721A /* Frameworks */ = {
			isa = PBXFrameworksBuildPhase;
			buildActionMask = 2147483647;
			files = (
				7282337C1F0D534500B6E4D4 /* libboost_atomic-mt.dylib in Frameworks */,
				7282337D1F0D534500B6E4D4 /* libboost_chrono-mt.dylib in Frameworks */,
				7282337E1F0D534500B6E4D4 /* libboost_chrono.dylib in Frameworks */,
				7282337F1F0D534500B6E4D4 /* libboost_container-mt.dylib in Frameworks */,
				728233801F0D534500B6E4D4 /* libboost_container.dylib in Frameworks */,
				728233811F0D534500B6E4D4 /* libboost_context-mt.dylib in Frameworks */,
				728233821F0D534500B6E4D4 /* libboost_coroutine-mt.dylib in Frameworks */,
				728233831F0D534500B6E4D4 /* libboost_coroutine.dylib in Frameworks */,
				728233841F0D534500B6E4D4 /* libboost_date_time-mt.dylib in Frameworks */,
				728233851F0D534500B6E4D4 /* libboost_date_time.dylib in Frameworks */,
				728233861F0D534500B6E4D4 /* libboost_filesystem-mt.dylib in Frameworks */,
				728233871F0D534500B6E4D4 /* libboost_filesystem.dylib in Frameworks */,
				728233881F0D534500B6E4D4 /* libboost_graph-mt.dylib in Frameworks */,
				728233891F0D534500B6E4D4 /* libboost_graph.dylib in Frameworks */,
				7282338A1F0D534500B6E4D4 /* libboost_iostreams-mt.dylib in Frameworks */,
				7282338B1F0D534500B6E4D4 /* libboost_iostreams.dylib in Frameworks */,
				7282338C1F0D534500B6E4D4 /* libboost_locale-mt.dylib in Frameworks */,
				7282338D1F0D534500B6E4D4 /* libboost_log_setup-mt.dylib in Frameworks */,
				7282338E1F0D534500B6E4D4 /* libboost_log_setup.dylib in Frameworks */,
				7282338F1F0D534500B6E4D4 /* libboost_log-mt.dylib in Frameworks */,
				728233901F0D534500B6E4D4 /* libboost_log.dylib in Frameworks */,
				728233911F0D534500B6E4D4 /* libboost_math_c99-mt.dylib in Frameworks */,
				728233921F0D534500B6E4D4 /* libboost_math_c99.dylib in Frameworks */,
				728233931F0D534500B6E4D4 /* libboost_math_c99f-mt.dylib in Frameworks */,
				728233941F0D534500B6E4D4 /* libboost_math_c99f.dylib in Frameworks */,
				728233951F0D534500B6E4D4 /* libboost_math_c99l-mt.dylib in Frameworks */,
				728233961F0D534500B6E4D4 /* libboost_math_c99l.dylib in Frameworks */,
				728233971F0D534500B6E4D4 /* libboost_math_tr1-mt.dylib in Frameworks */,
				728233981F0D534500B6E4D4 /* libboost_math_tr1.dylib in Frameworks */,
				728233991F0D534500B6E4D4 /* libboost_math_tr1f-mt.dylib in Frameworks */,
				7282339A1F0D534500B6E4D4 /* libboost_math_tr1f.dylib in Frameworks */,
				7282339B1F0D534500B6E4D4 /* libboost_math_tr1l-mt.dylib in Frameworks */,
				7282339C1F0D534500B6E4D4 /* libboost_math_tr1l.dylib in Frameworks */,
				7282339D1F0D534500B6E4D4 /* libboost_prg_exec_monitor-mt.dylib in Frameworks */,
				7282339E1F0D534500B6E4D4 /* libboost_prg_exec_monitor.dylib in Frameworks */,
				7282339F1F0D534500B6E4D4 /* libboost_program_options-mt.dylib in Frameworks */,
				728233A01F0D534500B6E4D4 /* libboost_program_options.dylib in Frameworks */,
				728233A11F0D534500B6E4D4 /* libboost_random-mt.dylib in Frameworks */,
				728233A21F0D534500B6E4D4 /* libboost_random.dylib in Frameworks */,
				728233A31F0D534500B6E4D4 /* libboost_regex-mt.dylib in Frameworks */,
				728233A41F0D534500B6E4D4 /* libboost_regex.dylib in Frameworks */,
				728233A51F0D534500B6E4D4 /* libboost_serialization-mt.dylib in Frameworks */,
				728233A61F0D534500B6E4D4 /* libboost_serialization.dylib in Frameworks */,
				728233A71F0D534500B6E4D4 /* libboost_signals-mt.dylib in Frameworks */,
				728233A81F0D534500B6E4D4 /* libboost_signals.dylib in Frameworks */,
				728233A91F0D534500B6E4D4 /* libboost_system-mt.dylib in Frameworks */,
				728233AA1F0D534500B6E4D4 /* libboost_system.dylib in Frameworks */,
				728233AB1F0D534500B6E4D4 /* libboost_thread-mt.dylib in Frameworks */,
				728233AC1F0D534500B6E4D4 /* libboost_timer-mt.dylib in Frameworks */,
				728233AD1F0D534500B6E4D4 /* libboost_timer.dylib in Frameworks */,
				728233AE1F0D534500B6E4D4 /* libboost_type_erasure-mt.dylib in Frameworks */,
				728233AF1F0D534500B6E4D4 /* libboost_type_erasure.dylib in Frameworks */,
				728233B01F0D534500B6E4D4 /* libboost_unit_test_framework-mt.dylib in Frameworks */,
				728233B11F0D534500B6E4D4 /* libboost_unit_test_framework.dylib in Frameworks */,
				728233B21F0D534500B6E4D4 /* libboost_wave-mt.dylib in Frameworks */,
				728233B31F0D534500B6E4D4 /* libboost_wserialization-mt.dylib in Frameworks */,
				728233B41F0D534500B6E4D4 /* libboost_wserialization.dylib in Frameworks */,
				728233B81F0D568000B6E4D4 /* libpcl_common.1.7.2.dylib in Frameworks */,
				728233B91F0D568000B6E4D4 /* libpcl_features.1.7.2.dylib in Frameworks */,
				728233BA1F0D568000B6E4D4 /* libpcl_filters.1.7.2.dylib in Frameworks */,
				728233331F0D4B2400B6E4D4 /* libpcl_io_ply.1.7.2.dylib in Frameworks */,
				728233341F0D4B2400B6E4D4 /* libpcl_io.1.7.2.dylib in Frameworks */,
				728233351F0D4B2400B6E4D4 /* libpcl_kdtree.1.7.2.dylib in Frameworks */,
				728233361F0D4B2400B6E4D4 /* libpcl_keypoints.1.7.2.dylib in Frameworks */,
				728233371F0D4B2400B6E4D4 /* libpcl_octree.1.7.2.dylib in Frameworks */,
				728233381F0D4B2400B6E4D4 /* libpcl_recognition.1.7.2.dylib in Frameworks */,
				728233391F0D4B2400B6E4D4 /* libpcl_registration.1.7.2.dylib in Frameworks */,
				7282333A1F0D4B2400B6E4D4 /* libpcl_sample_consensus.1.7.2.dylib in Frameworks */,
				7282333B1F0D4B2400B6E4D4 /* libpcl_search.1.7.2.dylib in Frameworks */,
				7282333C1F0D4B2400B6E4D4 /* libpcl_segmentation.1.7.2.dylib in Frameworks */,
				7282333D1F0D4B2400B6E4D4 /* libpcl_surface.1.7.2.dylib in Frameworks */,
				7282333E1F0D4B2400B6E4D4 /* libpcl_tracking.1.7.2.dylib in Frameworks */,
				72AFE5E41E7B583000143CA7 /* libusb-1.0.a in Frameworks */,
				726227401D90737D00644016 /* libopencv_calib3d.2.4.9.dylib in Frameworks */,
				726227411D90737D00644016 /* libopencv_core.2.4.9.dylib in Frameworks */,
				726227421D90737D00644016 /* libopencv_features2d.2.4.9.dylib in Frameworks */,
				726227431D90737D00644016 /* libopencv_flann.2.4.9.dylib in Frameworks */,
				726227441D90737D00644016 /* libopencv_highgui.2.4.9.dylib in Frameworks */,
				726227451D90737D00644016 /* libopencv_imgproc.2.4.9.dylib in Frameworks */,
				726227461D90737D00644016 /* libopencv_legacy.2.4.9.dylib in Frameworks */,
				726227471D90737D00644016 /* libopencv_ml.2.4.9.dylib in Frameworks */,
				726227481D90737D00644016 /* libopencv_objdetect.2.4.9.dylib in Frameworks */,
				726227491D90737D00644016 /* libopencv_photo.2.4.9.dylib in Frameworks */,
				7262274A1D90737D00644016 /* libopencv_stitching.2.4.9.dylib in Frameworks */,
				7262274B1D90737D00644016 /* libopencv_superres.2.4.9.dylib in Frameworks */,
				7262274C1D90737D00644016 /* libopencv_video.2.4.9.dylib in Frameworks */,
				7262274D1D90737D00644016 /* libopencv_videostab.2.4.9.dylib in Frameworks */,
			);
			runOnlyForDeploymentPostprocessing = 0;
		};
/* End PBXFrameworksBuildPhase section */

/* Begin PBXGroup section */
		720164931A6C023800BC721A = {
			isa = PBXGroup;
			children = (
				728233B51F0D568000B6E4D4 /* libpcl_common.1.7.2.dylib */,
				728233B61F0D568000B6E4D4 /* libpcl_features.1.7.2.dylib */,
				728233B71F0D568000B6E4D4 /* libpcl_filters.1.7.2.dylib */,
				728233431F0D534400B6E4D4 /* libboost_atomic-mt.dylib */,
				728233441F0D534400B6E4D4 /* libboost_chrono-mt.dylib */,
				728233451F0D534400B6E4D4 /* libboost_chrono.dylib */,
				728233461F0D534400B6E4D4 /* libboost_container-mt.dylib */,
				728233471F0D534400B6E4D4 /* libboost_container.dylib */,
				728233481F0D534400B6E4D4 /* libboost_context-mt.dylib */,
				728233491F0D534400B6E4D4 /* libboost_coroutine-mt.dylib */,
				7282334A1F0D534400B6E4D4 /* libboost_coroutine.dylib */,
				7282334B1F0D534400B6E4D4 /* libboost_date_time-mt.dylib */,
				7282334C1F0D534400B6E4D4 /* libboost_date_time.dylib */,
				7282334D1F0D534400B6E4D4 /* libboost_filesystem-mt.dylib */,
				7282334E1F0D534400B6E4D4 /* libboost_filesystem.dylib */,
				7282334F1F0D534400B6E4D4 /* libboost_graph-mt.dylib */,
				728233501F0D534400B6E4D4 /* libboost_graph.dylib */,
				728233511F0D534400B6E4D4 /* libboost_iostreams-mt.dylib */,
				728233521F0D534400B6E4D4 /* libboost_iostreams.dylib */,
				728233531F0D534400B6E4D4 /* libboost_locale-mt.dylib */,
				728233541F0D534400B6E4D4 /* libboost_log_setup-mt.dylib */,
				728233551F0D534400B6E4D4 /* libboost_log_setup.dylib */,
				728233561F0D534400B6E4D4 /* libboost_log-mt.dylib */,
				728233571F0D534400B6E4D4 /* libboost_log.dylib */,
				728233581F0D534400B6E4D4 /* libboost_math_c99-mt.dylib */,
				728233591F0D534400B6E4D4 /* libboost_math_c99.dylib */,
				7282335A1F0D534400B6E4D4 /* libboost_math_c99f-mt.dylib */,
				7282335B1F0D534400B6E4D4 /* libboost_math_c99f.dylib */,
				7282335C1F0D534400B6E4D4 /* libboost_math_c99l-mt.dylib */,
				7282335D1F0D534400B6E4D4 /* libboost_math_c99l.dylib */,
				7282335E1F0D534400B6E4D4 /* libboost_math_tr1-mt.dylib */,
				7282335F1F0D534400B6E4D4 /* libboost_math_tr1.dylib */,
				728233601F0D534400B6E4D4 /* libboost_math_tr1f-mt.dylib */,
				728233611F0D534400B6E4D4 /* libboost_math_tr1f.dylib */,
				728233621F0D534400B6E4D4 /* libboost_math_tr1l-mt.dylib */,
				728233631F0D534400B6E4D4 /* libboost_math_tr1l.dylib */,
				728233641F0D534400B6E4D4 /* libboost_prg_exec_monitor-mt.dylib */,
				728233651F0D534400B6E4D4 /* libboost_prg_exec_monitor.dylib */,
				728233661F0D534400B6E4D4 /* libboost_program_options-mt.dylib */,
				728233671F0D534400B6E4D4 /* libboost_program_options.dylib */,
				728233681F0D534400B6E4D4 /* libboost_random-mt.dylib */,
				728233691F0D534400B6E4D4 /* libboost_random.dylib */,
				7282336A1F0D534400B6E4D4 /* libboost_regex-mt.dylib */,
				7282336B1F0D534400B6E4D4 /* libboost_regex.dylib */,
				7282336C1F0D534400B6E4D4 /* libboost_serialization-mt.dylib */,
				7282336D1F0D534400B6E4D4 /* libboost_serialization.dylib */,
				7282336E1F0D534400B6E4D4 /* libboost_signals-mt.dylib */,
				7282336F1F0D534400B6E4D4 /* libboost_signals.dylib */,
				728233701F0D534400B6E4D4 /* libboost_system-mt.dylib */,
				728233711F0D534400B6E4D4 /* libboost_system.dylib */,
				728233721F0D534400B6E4D4 /* libboost_thread-mt.dylib */,
				728233731F0D534400B6E4D4 /* libboost_timer-mt.dylib */,
				728233741F0D534400B6E4D4 /* libboost_timer.dylib */,
				728233751F0D534400B6E4D4 /* libboost_type_erasure-mt.dylib */,
				728233761F0D534400B6E4D4 /* libboost_type_erasure.dylib */,
				728233771F0D534500B6E4D4 /* libboost_unit_test_framework-mt.dylib */,
				728233781F0D534500B6E4D4 /* libboost_unit_test_framework.dylib */,
				728233791F0D534500B6E4D4 /* libboost_wave-mt.dylib */,
				7282337A1F0D534500B6E4D4 /* libboost_wserialization-mt.dylib */,
				7282337B1F0D534500B6E4D4 /* libboost_wserialization.dylib */,
				728233271F0D4B2400B6E4D4 /* libpcl_io_ply.1.7.2.dylib */,
				728233281F0D4B2400B6E4D4 /* libpcl_io.1.7.2.dylib */,
				728233291F0D4B2400B6E4D4 /* libpcl_kdtree.1.7.2.dylib */,
				7282332A1F0D4B2400B6E4D4 /* libpcl_keypoints.1.7.2.dylib */,
				7282332B1F0D4B2400B6E4D4 /* libpcl_octree.1.7.2.dylib */,
				7282332C1F0D4B2400B6E4D4 /* libpcl_recognition.1.7.2.dylib */,
				7282332D1F0D4B2400B6E4D4 /* libpcl_registration.1.7.2.dylib */,
				7282332E1F0D4B2400B6E4D4 /* libpcl_sample_consensus.1.7.2.dylib */,
				7282332F1F0D4B2400B6E4D4 /* libpcl_search.1.7.2.dylib */,
				728233301F0D4B2400B6E4D4 /* libpcl_segmentation.1.7.2.dylib */,
				728233311F0D4B2400B6E4D4 /* libpcl_surface.1.7.2.dylib */,
				728233321F0D4B2400B6E4D4 /* libpcl_tracking.1.7.2.dylib */,
				72AFE5E31E7B583000143CA7 /* libusb-1.0.a */,
				726227321D90737D00644016 /* libopencv_calib3d.2.4.9.dylib */,
				726227331D90737D00644016 /* libopencv_core.2.4.9.dylib */,
				726227341D90737D00644016 /* libopencv_features2d.2.4.9.dylib */,
				726227351D90737D00644016 /* libopencv_flann.2.4.9.dylib */,
				726227361D90737D00644016 /* libopencv_highgui.2.4.9.dylib */,
				726227371D90737D00644016 /* libopencv_imgproc.2.4.9.dylib */,
				726227381D90737D00644016 /* libopencv_legacy.2.4.9.dylib */,
				726227391D90737D00644016 /* libopencv_ml.2.4.9.dylib */,
				7262273A1D90737D00644016 /* libopencv_objdetect.2.4.9.dylib */,
				7262273B1D90737D00644016 /* libopencv_photo.2.4.9.dylib */,
				7262273C1D90737D00644016 /* libopencv_stitching.2.4.9.dylib */,
				7262273D1D90737D00644016 /* libopencv_superres.2.4.9.dylib */,
				7262273E1D90737D00644016 /* libopencv_video.2.4.9.dylib */,
				7262273F1D90737D00644016 /* libopencv_videostab.2.4.9.dylib */,
				726227301D90720F00644016 /* libopencv_calib3d.2.4.9.dylib */,
				7262272E1D9071DE00644016 /* libopencv_calib3d.2.4.dylib */,
				7262272C1D906FC100644016 /* libopencv_videostab.dylib */,
				7262272A1D906FB500644016 /* libopencv_video.dylib */,
				726227281D906FAD00644016 /* libopencv_superres.dylib */,
				726227261D906FA600644016 /* libopencv_stitching.dylib */,
				726227241D906F9800644016 /* libopencv_photo.dylib */,
				726227221D906F8A00644016 /* libopencv_objdetect.dylib */,
				726227201D906F8100644016 /* libopencv_ml.dylib */,
				7262271E1D906F7A00644016 /* libopencv_legacy.dylib */,
				7262271C1D906F7400644016 /* libopencv_imgproc.dylib */,
				7262271A1D906F6100644016 /* libopencv_highgui.dylib */,
				726227181D906F5400644016 /* libopencv_flann.dylib */,
				726227131D906F0200644016 /* libopencv_features2d.dylib */,
				726227111D906EF300644016 /* libopencv_core.dylib */,
				7262270F1D906ED600644016 /* libopencv_calib3d.dylib */,
				7201649E1A6C023800BC721A /* KinectMusic */,
				7201649D1A6C023800BC721A /* Products */,
			);
			sourceTree = "<group>";
		};
		7201649D1A6C023800BC721A /* Products */ = {
			isa = PBXGroup;
			children = (
				7201649C1A6C023800BC721A /* KinectMusic */,
			);
			name = Products;
			sourceTree = "<group>";
		};
		7201649E1A6C023800BC721A /* KinectMusic */ = {
			isa = PBXGroup;
			children = (
				7298B7261D8D85840093134C /* main.cpp */,
				720A04F01EE5B7D100731552 /* config */,
				72048F8C1EDAD7FA006381E9 /* log */,
				7298B7231D8D76CE0093134C /* gestureExtraction */,
				722141C01DB015AE00B697E8 /* include */,
				720164A81A6C058B00BC721A /* src */,
				720164A11A6C023800BC721A /* KinectMusic.1 */,
				72B332AD1BAF0733003DA9DA /* kinect.cpp */,
				72B332AE1BAF0733003DA9DA /* kinect.h */,
			);
			path = KinectMusic;
			sourceTree = "<group>";
		};
		720164A81A6C058B00BC721A /* src */ = {
			isa = PBXGroup;
			children = (
				720164A91A6C058B00BC721A /* audio.c */,
				720164AA1A6C058B00BC721A /* cameras.c */,
				720164AB1A6C058B00BC721A /* cameras.h */,
				720164AD1A6C058B00BC721A /* core.c */,
				720164AE1A6C058B00BC721A /* flags.c */,
				720164AF1A6C058B00BC721A /* flags.h */,
				720164B01A6C058B00BC721A /* freenect_internal.h */,
				720164B31A6C058B00BC721A /* loader.c */,
				720164B41A6C058B00BC721A /* loader.h */,
				720164B51A6C058B00BC721A /* registration.c */,
				720164B61A6C058B00BC721A /* registration.h */,
				720164B71A6C058B00BC721A /* tilt.c */,
				720164B81A6C058B00BC721A /* usb_libusb10.c */,
				720164B91A6C058B00BC721A /* usb_libusb10.h */,
			);
			path = src;
			sourceTree = SOURCE_ROOT;
		};
		72048F8C1EDAD7FA006381E9 /* log */ = {
			isa = PBXGroup;
			children = (
				72048F8D1EDAD808006381E9 /* logs.cpp */,
				72048F8E1EDAD808006381E9 /* logs.h */,
			);
			name = log;
			sourceTree = "<group>";
		};
		720A04F01EE5B7D100731552 /* config */ = {
			isa = PBXGroup;
			children = (
				720A04F21EE5B80400731552 /* config.h */,
				720A04F11EE5B80400731552 /* config.cpp */,
				720A04F41EE5C44300731552 /* config.ini */,
			);
			name = config;
			sourceTree = "<group>";
		};
		720C228C1DE990C10066104B /* hand */ = {
			isa = PBXGroup;
			children = (
				720C228B1DE990A30066104B /* hand.h */,
				720C228D1DE990F90066104B /* hand.cpp */,
			);
			name = hand;
			sourceTree = "<group>";
		};
		720C228F1DF2EE820066104B /* tracking */ = {
			isa = PBXGroup;
			children = (
				720C22911DF2EED10066104B /* tracking.h */,
				720C22901DF2EED10066104B /* tracking.cpp */,
			);
			name = tracking;
			sourceTree = "<group>";
		};
		720C22961DF4238A0066104B /* gesture */ = {
			isa = PBXGroup;
			children = (
				725B1B9C1ED18A800028AE34 /* gesturefabrique.h */,
				725B1B9B1ED18A800028AE34 /* gesturefabrique.cpp */,
				720C22941DF4236A0066104B /* gesture.h */,
				720C22931DF4236A0066104B /* gesture.cpp */,
				7207E6341EE2F5CC0021824C /* gestureAll.h */,
				7207E6331EE2F5CC0021824C /* gestureAll.cpp */,
				725B1B9F1ED768A60028AE34 /* gestureStop.h */,
				725B1B9E1ED768A60028AE34 /* gestureStop.cpp */,
				725B1BA21ED772170028AE34 /* gestureReturn.h */,
				725B1BA11ED772170028AE34 /* gestureReturn.cpp */,
			);
			name = gesture;
			sourceTree = "<group>";
		};
		7221419E1D9FB91400B697E8 /* visualization */ = {
			isa = PBXGroup;
			children = (
				72799BB11DC61EAE00BAC3DC /* visualization.cpp */,
				72799BB21DC61EAE00BAC3DC /* visualization.h */,
			);
			name = visualization;
			sourceTree = "<group>";
		};
		722141A51D9FC2BD00B697E8 /* blobs */ = {
			isa = PBXGroup;
			children = (
				72799BA91DC61E6D00BAC3DC /* blob.hpp */,
				7274B8BC1F1E7E3800F1D30D /* blobext.hpp */,
				728233CE1F1B692F00B6E4D4 /* blobsfabrique.hpp */,
				728233D11F1B7EFE00B6E4D4 /* blobsclust.hpp */,
				7274B8C61F1F2D3800F1D30D /* borders */,
				7274B8C01F1F2B1C00F1D30D /* cells */,
			);
			name = blobs;
			sourceTree = "<group>";
		};
		722141C01DB015AE00B697E8 /* include */ = {
			isa = PBXGroup;
			children = (
				722141C11DB015AE00B697E8 /* libfreenect.h */,
				722141C21DB015AE00B697E8 /* libfreenect_audio.h */,
				722141C31DB015AE00B697E8 /* libfreenect_registration.h */,
			);
			path = include;
			sourceTree = SOURCE_ROOT;
		};
		7274B8C01F1F2B1C00F1D30D /* cells */ = {
			isa = PBXGroup;
			children = (
				7274B8C11F1F2B3800F1D30D /* cell.cpp */,
				7274B8C21F1F2B3800F1D30D /* cell.h */,
				7274B8C31F1F2B3800F1D30D /* cells.hpp */,
			);
			name = cells;
			sourceTree = "<group>";
		};
		7274B8C61F1F2D3800F1D30D /* borders */ = {
			isa = PBXGroup;
			children = (
				7274B8C71F1F2D5500F1D30D /* border.hpp */,
			);
			name = borders;
			sourceTree = "<group>";
		};
		728233201F07950D00B6E4D4 /* convex3d */ = {
			isa = PBXGroup;
			children = (
				7274B8B91F1CEA5300F1D30D /* convex3d.cpp */,
				7274B8BA1F1CEA5300F1D30D /* convex3d.h */,
			);
			name = convex3d;
			sourceTree = "<group>";
		};
		7282333F1F0D4FC700B6E4D4 /* pcl */ = {
			isa = PBXGroup;
			children = (
				728233401F0D4FFD00B6E4D4 /* pclplane.cpp */,
				728233411F0D4FFD00B6E4D4 /* pclplane.hpp */,
				728233BB1F11390400B6E4D4 /* pcldownsample.cpp */,
				728233BC1F11390400B6E4D4 /* pcldownsample.hpp */,
				728233BE1F114CC200B6E4D4 /* pclutility.cpp */,
				728233BF1F114CC200B6E4D4 /* pclutility.hpp */,
				728233C11F11525700B6E4D4 /* pclsegmentation.cpp */,
				728233C21F11525700B6E4D4 /* pclsegmentation.hpp */,
				728233C41F1153B100B6E4D4 /* pclnormals.cpp */,
				728233C51F1153B100B6E4D4 /* pclnormals.hpp */,
			);
			name = pcl;
			sourceTree = "<group>";
		};
		7298B7231D8D76CE0093134C /* gestureExtraction */ = {
			isa = PBXGroup;
			children = (
				72799BA61DC61E5800BAC3DC /* types.h */,
				7230289D1F247BB0003A8770 /* params.h */,
				7230289C1F247BB0003A8770 /* params.cpp */,
				72799BA51DC61E5800BAC3DC /* extractframedata.h */,
				72799BA41DC61E5800BAC3DC /* extractframedata.cpp */,
				723028971F23BB04003A8770 /* processframedata.h */,
				723028961F23BB04003A8770 /* processframedata.cpp */,
				72048F6E1EDA00BE006381E9 /* share.cpp */,
				72048F6F1EDA00BE006381E9 /* share.h */,
				722141A51D9FC2BD00B697E8 /* blobs */,
				728233201F07950D00B6E4D4 /* convex3d */,
				7221419E1D9FB91400B697E8 /* visualization */,
				720C228C1DE990C10066104B /* hand */,
				7282333F1F0D4FC700B6E4D4 /* pcl */,
				720C228F1DF2EE820066104B /* tracking */,
				720C22961DF4238A0066104B /* gesture */,
			);
			name = gestureExtraction;
			sourceTree = "<group>";
		};
/* End PBXGroup section */

/* Begin PBXNativeTarget section */
		7201649B1A6C023800BC721A /* KinectMusic */ = {
			isa = PBXNativeTarget;
			buildConfigurationList = 720164A51A6C023800BC721A /* Build configuration list for PBXNativeTarget "KinectMusic" */;
			buildPhases = (
				720164981A6C023800BC721A /* Sources */,
				720164991A6C023800BC721A /* Frameworks */,
				7201649A1A6C023800BC721A /* CopyFiles */,
			);
			buildRules = (
			);
			dependencies = (
			);
			name = KinectMusic;
			productName = KinectMusic;
			productReference = 7201649C1A6C023800BC721A /* KinectMusic */;
			productType = "com.apple.product-type.tool";
		};
/* End PBXNativeTarget section */

/* Begin PBXProject section */
		720164941A6C023800BC721A /* Project object */ = {
			isa = PBXProject;
			attributes = {
				LastUpgradeCheck = 0730;
				ORGANIZATIONNAME = mgsvetlov;
			};
			buildConfigurationList = 720164971A6C023800BC721A /* Build configuration list for PBXProject "KinectMusic" */;
			compatibilityVersion = "Xcode 3.2";
			developmentRegion = English;
			hasScannedForEncodings = 0;
			knownRegions = (
				en,
			);
			mainGroup = 720164931A6C023800BC721A;
			productRefGroup = 7201649D1A6C023800BC721A /* Products */;
			projectDirPath = "";
			projectRoot = "";
			targets = (
				7201649B1A6C023800BC721A /* KinectMusic */,
			);
		};
/* End PBXProject section */

/* Begin PBXSourcesBuildPhase section */
		720164981A6C023800BC721A /* Sources */ = {
			isa = PBXSourcesBuildPhase;
			buildActionMask = 2147483647;
			files = (
				72048F701EDA00BE006381E9 /* share.cpp in Sources */,
				723028981F23BB04003A8770 /* processframedata.cpp in Sources */,
				72799BB31DC61EAE00BAC3DC /* visualization.cpp in Sources */,
				725B1BA31ED772170028AE34 /* gestureReturn.cpp in Sources */,
				7298B7271D8D85840093134C /* main.cpp in Sources */,
				72B332AF1BAF0733003DA9DA /* kinect.cpp in Sources */,
				720164C11A6C058B00BC721A /* usb_libusb10.c in Sources */,
				7274B8BB1F1CEA5300F1D30D /* convex3d.cpp in Sources */,
				720164BC1A6C058B00BC721A /* core.c in Sources */,
				728233BD1F11390400B6E4D4 /* pcldownsample.cpp in Sources */,
				725B1B9D1ED18A800028AE34 /* gesturefabrique.cpp in Sources */,
				720C22951DF4236A0066104B /* gesture.cpp in Sources */,
				728233C61F1153B100B6E4D4 /* pclnormals.cpp in Sources */,
				720C228E1DE990F90066104B /* hand.cpp in Sources */,
				720A04F31EE5B80400731552 /* config.cpp in Sources */,
				728233421F0D4FFD00B6E4D4 /* pclplane.cpp in Sources */,
				720C22921DF2EED10066104B /* tracking.cpp in Sources */,
				720164BA1A6C058B00BC721A /* audio.c in Sources */,
				720164BF1A6C058B00BC721A /* registration.c in Sources */,
				720164BB1A6C058B00BC721A /* cameras.c in Sources */,
				720164C01A6C058B00BC721A /* tilt.c in Sources */,
				720164BE1A6C058B00BC721A /* loader.c in Sources */,
				725B1BA01ED768A60028AE34 /* gestureStop.cpp in Sources */,
				720164BD1A6C058B00BC721A /* flags.c in Sources */,
				7274B8C41F1F2B3800F1D30D /* cell.cpp in Sources */,
				728233C31F11525700B6E4D4 /* pclsegmentation.cpp in Sources */,
				72799BA71DC61E5800BAC3DC /* extractframedata.cpp in Sources */,
				728233C01F114CC200B6E4D4 /* pclutility.cpp in Sources */,
				7207E6351EE2F5CC0021824C /* gestureAll.cpp in Sources */,
				72048F8F1EDAD808006381E9 /* logs.cpp in Sources */,
				7230289E1F247BB0003A8770 /* params.cpp in Sources */,
			);
			runOnlyForDeploymentPostprocessing = 0;
		};
/* End PBXSourcesBuildPhase section */

/* Begin XCBuildConfiguration section */
		720164A31A6C023800BC721A /* Debug */ = {
			isa = XCBuildConfiguration;
			buildSettings = {
				ALWAYS_SEARCH_USER_PATHS = NO;
				CLANG_CXX_LANGUAGE_STANDARD = "gnu++0x";
				CLANG_CXX_LIBRARY = "libc++";
				CLANG_ENABLE_MODULES = YES;
				CLANG_ENABLE_OBJC_ARC = YES;
				CLANG_WARN_BOOL_CONVERSION = YES;
				CLANG_WARN_CONSTANT_CONVERSION = YES;
				CLANG_WARN_DIRECT_OBJC_ISA_USAGE = YES_ERROR;
				CLANG_WARN_EMPTY_BODY = YES;
				CLANG_WARN_ENUM_CONVERSION = YES;
				CLANG_WARN_INT_CONVERSION = YES;
				CLANG_WARN_OBJC_ROOT_CLASS = YES_ERROR;
				CLANG_WARN__DUPLICATE_METHOD_MATCH = YES;
				COPY_PHASE_STRIP = NO;
				ENABLE_TESTABILITY = YES;
				GCC_C_LANGUAGE_STANDARD = gnu99;
				GCC_DYNAMIC_NO_PIC = NO;
				GCC_ENABLE_OBJC_EXCEPTIONS = YES;
				GCC_OPTIMIZATION_LEVEL = 0;
				GCC_PREPROCESSOR_DEFINITIONS = (
					"DEBUG=1",
					"$(inherited)",
				);
				GCC_SYMBOLS_PRIVATE_EXTERN = NO;
				GCC_WARN_64_TO_32_BIT_CONVERSION = YES;
				GCC_WARN_ABOUT_RETURN_TYPE = YES_ERROR;
				GCC_WARN_UNDECLARED_SELECTOR = YES;
				GCC_WARN_UNINITIALIZED_AUTOS = YES_AGGRESSIVE;
				GCC_WARN_UNUSED_FUNCTION = YES;
				GCC_WARN_UNUSED_VARIABLE = YES;
				MACOSX_DEPLOYMENT_TARGET = 10.9;
				ONLY_ACTIVE_ARCH = YES;
				SDKROOT = macosx;
			};
			name = Debug;
		};
		720164A41A6C023800BC721A /* Release */ = {
			isa = XCBuildConfiguration;
			buildSettings = {
				ALWAYS_SEARCH_USER_PATHS = NO;
				CLANG_CXX_LANGUAGE_STANDARD = "gnu++0x";
				CLANG_CXX_LIBRARY = "libc++";
				CLANG_ENABLE_MODULES = YES;
				CLANG_ENABLE_OBJC_ARC = YES;
				CLANG_WARN_BOOL_CONVERSION = YES;
				CLANG_WARN_CONSTANT_CONVERSION = YES;
				CLANG_WARN_DIRECT_OBJC_ISA_USAGE = YES_ERROR;
				CLANG_WARN_EMPTY_BODY = YES;
				CLANG_WARN_ENUM_CONVERSION = YES;
				CLANG_WARN_INT_CONVERSION = YES;
				CLANG_WARN_OBJC_ROOT_CLASS = YES_ERROR;
				CLANG_WARN__DUPLICATE_METHOD_MATCH = YES;
				COPY_PHASE_STRIP = YES;
				DEBUG_INFORMATION_FORMAT = "dwarf-with-dsym";
				ENABLE_NS_ASSERTIONS = NO;
				GCC_C_LANGUAGE_STANDARD = gnu99;
				GCC_ENABLE_OBJC_EXCEPTIONS = YES;
				GCC_WARN_64_TO_32_BIT_CONVERSION = YES;
				GCC_WARN_ABOUT_RETURN_TYPE = YES_ERROR;
				GCC_WARN_UNDECLARED_SELECTOR = YES;
				GCC_WARN_UNINITIALIZED_AUTOS = YES_AGGRESSIVE;
				GCC_WARN_UNUSED_FUNCTION = YES;
				GCC_WARN_UNUSED_VARIABLE = YES;
				MACOSX_DEPLOYMENT_TARGET = 10.9;
				SDKROOT = macosx;
			};
			name = Release;
		};
		720164A61A6C023800BC721A /* Debug */ = {
			isa = XCBuildConfiguration;
			buildSettings = {
				FRAMEWORK_SEARCH_PATHS = (
					"$(inherited)",
					"$(LOCAL_LIBRARY_DIR)/Frameworks",
				);
				HEADER_SEARCH_PATHS = (
					"$(inherited)",
					/Applications/Xcode.app/Contents/Developer/Toolchains/XcodeDefault.xctoolchain/usr/include,
					/Applications/Xcode.app/Contents/Developer/Platforms/MacOSX.platform/Developer/SDKs/MacOSX10.9.sdk/System/Library/Frameworks/GLUT.framework/Headers,
					./include,
					./wrappers/c_sync,
					"/opt/local/include/libusb-1.0",
					/Library/Frameworks/CsoundLib64.framework/Versions/6.0/Headers,
					"/usr/local/include/pcl-1.7",
					/usr/local/include/eigen3,
					/usr/local/include,
				);
				LIBRARY_SEARCH_PATHS = (
					/opt/local/lib,
					"$(LOCAL_LIBRARY_DIR)/Frameworks/CsoundLib64.framework/Versions/6.0",
					"$(PROJECT_DIR)/opencv/lib",
					"$(PROJECT_DIR)/lib",
					/usr/local/lib,
				);
				PRODUCT_NAME = "$(TARGET_NAME)";
				USER_HEADER_SEARCH_PATHS = "${SRCROOT}/opencv/include/**";
			};
			name = Debug;
		};
		720164A71A6C023800BC721A /* Release */ = {
			isa = XCBuildConfiguration;
			buildSettings = {
				FRAMEWORK_SEARCH_PATHS = (
					"$(inherited)",
					"$(LOCAL_LIBRARY_DIR)/Frameworks",
				);
				HEADER_SEARCH_PATHS = (
					"$(inherited)",
					/Applications/Xcode.app/Contents/Developer/Toolchains/XcodeDefault.xctoolchain/usr/include,
					/Applications/Xcode.app/Contents/Developer/Platforms/MacOSX.platform/Developer/SDKs/MacOSX10.9.sdk/System/Library/Frameworks/GLUT.framework/Headers,
					./include,
					./wrappers/c_sync,
					"/opt/local/include/libusb-1.0",
					/Library/Frameworks/CsoundLib64.framework/Versions/6.0/Headers,
					"/usr/local/include/pcl-1.7",
					/usr/local/include/eigen3,
					/usr/local/include,
				);
				LIBRARY_SEARCH_PATHS = (
					/opt/local/lib,
					"$(LOCAL_LIBRARY_DIR)/Frameworks/CsoundLib64.framework/Versions/6.0",
					"$(PROJECT_DIR)/opencv/lib",
					"$(PROJECT_DIR)/lib",
					/usr/local/lib,
				);
				PRODUCT_NAME = "$(TARGET_NAME)";
				USER_HEADER_SEARCH_PATHS = "${SRCROOT}/opencv/include/**";
			};
			name = Release;
		};
/* End XCBuildConfiguration section */

/* Begin XCConfigurationList section */
		720164971A6C023800BC721A /* Build configuration list for PBXProject "KinectMusic" */ = {
			isa = XCConfigurationList;
			buildConfigurations = (
				720164A31A6C023800BC721A /* Debug */,
				720164A41A6C023800BC721A /* Release */,
			);
			defaultConfigurationIsVisible = 0;
			defaultConfigurationName = Release;
		};
		720164A51A6C023800BC721A /* Build configuration list for PBXNativeTarget "KinectMusic" */ = {
			isa = XCConfigurationList;
			buildConfigurations = (
				720164A61A6C023800BC721A /* Debug */,
				720164A71A6C023800BC721A /* Release */,
			);
			defaultConfigurationIsVisible = 0;
			defaultConfigurationName = Release;
		};
/* End XCConfigurationList section */
	};
	rootObject = 720164941A6C023800BC721A /* Project object */;
}
